// !$*UTF8*$!
{
	archiveVersion = 1;
	classes = {
	};
	objectVersion = 46;
	objects = {

/* Begin PBXBuildFile section */
		C018B58316105105000FE817 /* StorefrontInfo.h in CopyFiles */ = {isa = PBXBuildFile; fileRef = C018B57D160FC702000FE817 /* StorefrontInfo.h */; };
		C018B58B161052D9000FE817 /* StorefrontController.m in Sources */ = {isa = PBXBuildFile; fileRef = C018B586161052D9000FE817 /* StorefrontController.m */; };
		C018B58C161052D9000FE817 /* StorefrontJS.m in Sources */ = {isa = PBXBuildFile; fileRef = C018B588161052D9000FE817 /* StorefrontJS.m */; };
		C018B58D161052D9000FE817 /* StorefrontViewController.m in Sources */ = {isa = PBXBuildFile; fileRef = C018B58A161052D9000FE817 /* StorefrontViewController.m */; };
		C018B58E161052F4000FE817 /* StorefrontController.h in CopyFiles */ = {isa = PBXBuildFile; fileRef = C018B585161052D9000FE817 /* StorefrontController.h */; };
		C018B58F161052F4000FE817 /* StorefrontJS.h in CopyFiles */ = {isa = PBXBuildFile; fileRef = C018B587161052D9000FE817 /* StorefrontJS.h */; };
		C018B590161052F4000FE817 /* StorefrontViewController.h in CopyFiles */ = {isa = PBXBuildFile; fileRef = C018B589161052D9000FE817 /* StorefrontViewController.h */; };
		C018B64F16105F77000FE817 /* CoreFoundation.framework in Frameworks */ = {isa = PBXBuildFile; fileRef = C018B47B160F5B23000FE817 /* CoreFoundation.framework */; };
		C018B7141610EE89000FE817 /* StorefrontInfo.m in Sources */ = {isa = PBXBuildFile; fileRef = C018B57E160FC702000FE817 /* StorefrontInfo.m */; };
		C018B73716110475000FE817 /* NSString+MD5Addition.h in CopyFiles */ = {isa = PBXBuildFile; fileRef = C02CECCF160DCA67000AA0D2 /* NSString+MD5Addition.h */; };
		C018B73816110475000FE817 /* UIDevice+IdentifierAddition.h in CopyFiles */ = {isa = PBXBuildFile; fileRef = C02CECD1160DCA67000AA0D2 /* UIDevice+IdentifierAddition.h */; };
		C018B77316110B56000FE817 /* JSONKit.h in CopyFiles */ = {isa = PBXBuildFile; fileRef = C02CECB5160DCA67000AA0D2 /* JSONKit.h */; };
		C02CEC46160DC870000AA0D2 /* Foundation.framework in Frameworks */ = {isa = PBXBuildFile; fileRef = C02CEC45160DC870000AA0D2 /* Foundation.framework */; };
		C02CEC55160DC870000AA0D2 /* SenTestingKit.framework in Frameworks */ = {isa = PBXBuildFile; fileRef = C02CEC54160DC870000AA0D2 /* SenTestingKit.framework */; };
		C02CEC58160DC870000AA0D2 /* Foundation.framework in Frameworks */ = {isa = PBXBuildFile; fileRef = C02CEC45160DC870000AA0D2 /* Foundation.framework */; };
		C02CEC5B160DC870000AA0D2 /* libSoomlaiOSStore.a in Frameworks */ = {isa = PBXBuildFile; fileRef = C02CEC42160DC870000AA0D2 /* libSoomlaiOSStore.a */; };
		C02CEC61160DC870000AA0D2 /* InfoPlist.strings in Resources */ = {isa = PBXBuildFile; fileRef = C02CEC5F160DC870000AA0D2 /* InfoPlist.strings */; };
		C02CEC64160DC870000AA0D2 /* SoomlaiOSStoreTests.m in Sources */ = {isa = PBXBuildFile; fileRef = C02CEC63160DC870000AA0D2 /* SoomlaiOSStoreTests.m */; };
		C02CEC79160DCA31000AA0D2 /* StoreKit.framework in Frameworks */ = {isa = PBXBuildFile; fileRef = C02CEC78160DCA31000AA0D2 /* StoreKit.framework */; };
		C02CEC7B160DCA3A000AA0D2 /* Security.framework in Frameworks */ = {isa = PBXBuildFile; fileRef = C02CEC7A160DCA3A000AA0D2 /* Security.framework */; };
		C02CECD3160DCA67000AA0D2 /* JSONConsts.m in Sources */ = {isa = PBXBuildFile; fileRef = C02CEC7E160DCA67000AA0D2 /* JSONConsts.m */; };
		C02CECD4160DCA67000AA0D2 /* StorageManager.m in Sources */ = {isa = PBXBuildFile; fileRef = C02CEC80160DCA67000AA0D2 /* StorageManager.m */; };
		C02CECD6160DCA67000AA0D2 /* StoreInfo.m in Sources */ = {isa = PBXBuildFile; fileRef = C02CEC84160DCA67000AA0D2 /* StoreInfo.m */; };
		C02CECDA160DCA67000AA0D2 /* VirtualCurrencyStorage.m in Sources */ = {isa = PBXBuildFile; fileRef = C02CEC8D160DCA67000AA0D2 /* VirtualCurrencyStorage.m */; };
		C02CECDB160DCA67000AA0D2 /* VirtualGoodStorage.m in Sources */ = {isa = PBXBuildFile; fileRef = C02CEC8F160DCA67000AA0D2 /* VirtualGoodStorage.m */; };
		C02CECDC160DCA67000AA0D2 /* AppStoreItem.m in Sources */ = {isa = PBXBuildFile; fileRef = C02CEC93160DCA67000AA0D2 /* AppStoreItem.m */; };
		C02CECDD160DCA67000AA0D2 /* BalanceDrivenPriceModel.m in Sources */ = {isa = PBXBuildFile; fileRef = C02CEC95160DCA67000AA0D2 /* BalanceDrivenPriceModel.m */; };
		C02CECDE160DCA67000AA0D2 /* PriceModel.m in Sources */ = {isa = PBXBuildFile; fileRef = C02CEC97160DCA67000AA0D2 /* PriceModel.m */; };
		C02CECDF160DCA67000AA0D2 /* StaticPriceModel.m in Sources */ = {isa = PBXBuildFile; fileRef = C02CEC99160DCA67000AA0D2 /* StaticPriceModel.m */; };
		C02CECE0160DCA67000AA0D2 /* VirtualCategory.m in Sources */ = {isa = PBXBuildFile; fileRef = C02CEC9B160DCA67000AA0D2 /* VirtualCategory.m */; };
		C02CECE1160DCA67000AA0D2 /* VirtualCurrency.m in Sources */ = {isa = PBXBuildFile; fileRef = C02CEC9D160DCA67000AA0D2 /* VirtualCurrency.m */; };
		C02CECE2160DCA67000AA0D2 /* VirtualCurrencyPack.m in Sources */ = {isa = PBXBuildFile; fileRef = C02CEC9F160DCA67000AA0D2 /* VirtualCurrencyPack.m */; };
		C02CECE3160DCA67000AA0D2 /* VirtualGood.m in Sources */ = {isa = PBXBuildFile; fileRef = C02CECA1160DCA67000AA0D2 /* VirtualGood.m */; };
		C02CECE4160DCA67000AA0D2 /* VirtualItem.m in Sources */ = {isa = PBXBuildFile; fileRef = C02CECA3160DCA67000AA0D2 /* VirtualItem.m */; };
		C02CECE5160DCA67000AA0D2 /* EventHandling.m in Sources */ = {isa = PBXBuildFile; fileRef = C02CECAC160DCA67000AA0D2 /* EventHandling.m */; };
		C02CECE6160DCA67000AA0D2 /* InsufficientFundsException.m in Sources */ = {isa = PBXBuildFile; fileRef = C02CECAF160DCA67000AA0D2 /* InsufficientFundsException.m */; };
		C02CECE7160DCA67000AA0D2 /* VirtualItemNotFoundException.m in Sources */ = {isa = PBXBuildFile; fileRef = C02CECB1160DCA67000AA0D2 /* VirtualItemNotFoundException.m */; };
		C02CECE8160DCA67000AA0D2 /* JSONKit.m in Sources */ = {isa = PBXBuildFile; fileRef = C02CECB6160DCA67000AA0D2 /* JSONKit.m */; settings = {COMPILER_FLAGS = "-fno-objc-arc"; }; };
		C02CECF1160DCA67000AA0D2 /* StoreConfig.m in Sources */ = {isa = PBXBuildFile; fileRef = C02CECCB160DCA67000AA0D2 /* StoreConfig.m */; };
		C02CECF2160DCA67000AA0D2 /* StoreController.m in Sources */ = {isa = PBXBuildFile; fileRef = C02CECCD160DCA67000AA0D2 /* StoreController.m */; };
		C02CECF3160DCA67000AA0D2 /* NSString+MD5Addition.m in Sources */ = {isa = PBXBuildFile; fileRef = C02CECD0160DCA67000AA0D2 /* NSString+MD5Addition.m */; settings = {COMPILER_FLAGS = ""; }; };
		C02CECF4160DCA67000AA0D2 /* UIDevice+IdentifierAddition.m in Sources */ = {isa = PBXBuildFile; fileRef = C02CECD2160DCA67000AA0D2 /* UIDevice+IdentifierAddition.m */; settings = {COMPILER_FLAGS = ""; }; };
		C02CECF6160DCB4A000AA0D2 /* UIKit.framework in Frameworks */ = {isa = PBXBuildFile; fileRef = C02CECF5160DCB4A000AA0D2 /* UIKit.framework */; };
		C02CECFA160DCD7F000AA0D2 /* EventHandling.h in CopyFiles */ = {isa = PBXBuildFile; fileRef = C02CECAB160DCA67000AA0D2 /* EventHandling.h */; };
		C02CECFB160DCDC9000AA0D2 /* AppStoreItem.h in CopyFiles */ = {isa = PBXBuildFile; fileRef = C02CEC92160DCA67000AA0D2 /* AppStoreItem.h */; };
		C02CECFC160DCDC9000AA0D2 /* BalanceDrivenPriceModel.h in CopyFiles */ = {isa = PBXBuildFile; fileRef = C02CEC94160DCA67000AA0D2 /* BalanceDrivenPriceModel.h */; };
		C02CECFD160DCDC9000AA0D2 /* PriceModel.h in CopyFiles */ = {isa = PBXBuildFile; fileRef = C02CEC96160DCA67000AA0D2 /* PriceModel.h */; };
		C02CECFE160DCDC9000AA0D2 /* StaticPriceModel.h in CopyFiles */ = {isa = PBXBuildFile; fileRef = C02CEC98160DCA67000AA0D2 /* StaticPriceModel.h */; };
		C02CECFF160DCDC9000AA0D2 /* VirtualCategory.h in CopyFiles */ = {isa = PBXBuildFile; fileRef = C02CEC9A160DCA67000AA0D2 /* VirtualCategory.h */; };
		C02CED00160DCDC9000AA0D2 /* VirtualCurrency.h in CopyFiles */ = {isa = PBXBuildFile; fileRef = C02CEC9C160DCA67000AA0D2 /* VirtualCurrency.h */; };
		C02CED01160DCDC9000AA0D2 /* VirtualCurrencyPack.h in CopyFiles */ = {isa = PBXBuildFile; fileRef = C02CEC9E160DCA67000AA0D2 /* VirtualCurrencyPack.h */; };
		C02CED02160DCDC9000AA0D2 /* VirtualGood.h in CopyFiles */ = {isa = PBXBuildFile; fileRef = C02CECA0160DCA67000AA0D2 /* VirtualGood.h */; };
		C02CED03160DCDC9000AA0D2 /* VirtualItem.h in CopyFiles */ = {isa = PBXBuildFile; fileRef = C02CECA2160DCA67000AA0D2 /* VirtualItem.h */; };
		C02CED04160DCDC9000AA0D2 /* IStoreAsssets.h in CopyFiles */ = {isa = PBXBuildFile; fileRef = C02CECB2160DCA67000AA0D2 /* IStoreAsssets.h */; };
		C02CED06160DCDC9000AA0D2 /* StoreConfig.h in CopyFiles */ = {isa = PBXBuildFile; fileRef = C02CECCA160DCA67000AA0D2 /* StoreConfig.h */; };
		C02CED07160DCDC9000AA0D2 /* StoreController.h in CopyFiles */ = {isa = PBXBuildFile; fileRef = C02CECCC160DCA67000AA0D2 /* StoreController.h */; };
		C02CED08160DCDE3000AA0D2 /* JSONConsts.h in CopyFiles */ = {isa = PBXBuildFile; fileRef = C02CEC7D160DCA67000AA0D2 /* JSONConsts.h */; };
		C02CED09160DCDE3000AA0D2 /* StorageManager.h in CopyFiles */ = {isa = PBXBuildFile; fileRef = C02CEC7F160DCA67000AA0D2 /* StorageManager.h */; };
		C02CED0B160DCDE3000AA0D2 /* StoreInfo.h in CopyFiles */ = {isa = PBXBuildFile; fileRef = C02CEC83160DCA67000AA0D2 /* StoreInfo.h */; };
		C02CED0F160DCDE3000AA0D2 /* VirtualCurrencyStorage.h in CopyFiles */ = {isa = PBXBuildFile; fileRef = C02CEC8C160DCA67000AA0D2 /* VirtualCurrencyStorage.h */; };
		C02CED10160DCDE3000AA0D2 /* VirtualGoodStorage.h in CopyFiles */ = {isa = PBXBuildFile; fileRef = C02CEC8E160DCA67000AA0D2 /* VirtualGoodStorage.h */; };
		C0780EA0161B8EFE00F43934 /* NotEnoughGoodsException.m in Sources */ = {isa = PBXBuildFile; fileRef = C0780E9F161B8EFE00F43934 /* NotEnoughGoodsException.m */; };
		C07DA3C0162182F2005792DD /* StoreDatabase.m in Sources */ = {isa = PBXBuildFile; fileRef = C07DA3BF162182F2005792DD /* StoreDatabase.m */; };
		C07DA3C316218309005792DD /* libsqlite3.0.dylib in Frameworks */ = {isa = PBXBuildFile; fileRef = C07DA3C216218309005792DD /* libsqlite3.0.dylib */; };
		C07DA3C41621BCAC005792DD /* StoreDatabase.h in CopyFiles */ = {isa = PBXBuildFile; fileRef = C07DA3BE162182F2005792DD /* StoreDatabase.h */; };
		C07DA3C91622FF6E005792DD /* StoreEncryptor.m in Sources */ = {isa = PBXBuildFile; fileRef = C07DA3C81622FF6E005792DD /* StoreEncryptor.m */; };
		C07DA3CB16232FAD005792DD /* StoreEncryptor.h in CopyFiles */ = {isa = PBXBuildFile; fileRef = C07DA3C71622FF6E005792DD /* StoreEncryptor.h */; };
		C07DA3DC162474AC005792DD /* FBEncryptorAES.m in Sources */ = {isa = PBXBuildFile; fileRef = C07DA3D9162474AC005792DD /* FBEncryptorAES.m */; };
		C07DA3DD162474AC005792DD /* FBEncryptorAES.m in Sources */ = {isa = PBXBuildFile; fileRef = C07DA3D9162474AC005792DD /* FBEncryptorAES.m */; };
		C07DA3DE162474AC005792DD /* NSData+Base64.m in Sources */ = {isa = PBXBuildFile; fileRef = C07DA3DB162474AC005792DD /* NSData+Base64.m */; };
		C07DA3DF162474AC005792DD /* NSData+Base64.m in Sources */ = {isa = PBXBuildFile; fileRef = C07DA3DB162474AC005792DD /* NSData+Base64.m */; };
/* End PBXBuildFile section */

/* Begin PBXContainerItemProxy section */
		C02CEC59160DC870000AA0D2 /* PBXContainerItemProxy */ = {
			isa = PBXContainerItemProxy;
			containerPortal = C02CEC39160DC870000AA0D2 /* Project object */;
			proxyType = 1;
			remoteGlobalIDString = C02CEC41160DC870000AA0D2;
			remoteInfo = SoomlaiOSStore;
		};
/* End PBXContainerItemProxy section */

/* Begin PBXCopyFilesBuildPhase section */
		C02CEC40160DC870000AA0D2 /* CopyFiles */ = {
			isa = PBXCopyFilesBuildPhase;
			buildActionMask = 2147483647;
			dstPath = "include/${PRODUCT_NAME}";
			dstSubfolderSpec = 16;
			files = (
				C018B58316105105000FE817 /* StorefrontInfo.h in CopyFiles */,
				C02CECFA160DCD7F000AA0D2 /* EventHandling.h in CopyFiles */,
				C02CECFB160DCDC9000AA0D2 /* AppStoreItem.h in CopyFiles */,
				C02CECFC160DCDC9000AA0D2 /* BalanceDrivenPriceModel.h in CopyFiles */,
				C02CECFD160DCDC9000AA0D2 /* PriceModel.h in CopyFiles */,
				C02CECFE160DCDC9000AA0D2 /* StaticPriceModel.h in CopyFiles */,
				C02CECFF160DCDC9000AA0D2 /* VirtualCategory.h in CopyFiles */,
				C02CED00160DCDC9000AA0D2 /* VirtualCurrency.h in CopyFiles */,
				C02CED01160DCDC9000AA0D2 /* VirtualCurrencyPack.h in CopyFiles */,
				C02CED02160DCDC9000AA0D2 /* VirtualGood.h in CopyFiles */,
				C02CED03160DCDC9000AA0D2 /* VirtualItem.h in CopyFiles */,
				C02CED04160DCDC9000AA0D2 /* IStoreAsssets.h in CopyFiles */,
				C02CED08160DCDE3000AA0D2 /* JSONConsts.h in CopyFiles */,
				C018B77316110B56000FE817 /* JSONKit.h in CopyFiles */,
				C02CED09160DCDE3000AA0D2 /* StorageManager.h in CopyFiles */,
				C02CED0B160DCDE3000AA0D2 /* StoreInfo.h in CopyFiles */,
				C02CED0F160DCDE3000AA0D2 /* VirtualCurrencyStorage.h in CopyFiles */,
				C02CED10160DCDE3000AA0D2 /* VirtualGoodStorage.h in CopyFiles */,
				C02CED06160DCDC9000AA0D2 /* StoreConfig.h in CopyFiles */,
				C02CED07160DCDC9000AA0D2 /* StoreController.h in CopyFiles */,
				C018B58E161052F4000FE817 /* StorefrontController.h in CopyFiles */,
				C018B58F161052F4000FE817 /* StorefrontJS.h in CopyFiles */,
				C018B73716110475000FE817 /* NSString+MD5Addition.h in CopyFiles */,
				C018B73816110475000FE817 /* UIDevice+IdentifierAddition.h in CopyFiles */,
				C018B590161052F4000FE817 /* StorefrontViewController.h in CopyFiles */,
				C07DA3C41621BCAC005792DD /* StoreDatabase.h in CopyFiles */,
				C07DA3CB16232FAD005792DD /* StoreEncryptor.h in CopyFiles */,
			);
			runOnlyForDeploymentPostprocessing = 0;
		};
/* End PBXCopyFilesBuildPhase section */

/* Begin PBXFileReference section */
		C018B47B160F5B23000FE817 /* CoreFoundation.framework */ = {isa = PBXFileReference; lastKnownFileType = wrapper.framework; name = CoreFoundation.framework; path = System/Library/Frameworks/CoreFoundation.framework; sourceTree = SDKROOT; };
		C018B57D160FC702000FE817 /* StorefrontInfo.h */ = {isa = PBXFileReference; fileEncoding = 4; lastKnownFileType = sourcecode.c.h; path = StorefrontInfo.h; sourceTree = "<group>"; };
		C018B57E160FC702000FE817 /* StorefrontInfo.m */ = {isa = PBXFileReference; fileEncoding = 4; lastKnownFileType = sourcecode.c.objc; path = StorefrontInfo.m; sourceTree = "<group>"; };
		C018B585161052D9000FE817 /* StorefrontController.h */ = {isa = PBXFileReference; fileEncoding = 4; lastKnownFileType = sourcecode.c.h; name = StorefrontController.h; path = storefront/StorefrontController.h; sourceTree = "<group>"; };
		C018B586161052D9000FE817 /* StorefrontController.m */ = {isa = PBXFileReference; fileEncoding = 4; lastKnownFileType = sourcecode.c.objc; name = StorefrontController.m; path = storefront/StorefrontController.m; sourceTree = "<group>"; };
		C018B587161052D9000FE817 /* StorefrontJS.h */ = {isa = PBXFileReference; fileEncoding = 4; lastKnownFileType = sourcecode.c.h; name = StorefrontJS.h; path = storefront/StorefrontJS.h; sourceTree = "<group>"; };
		C018B588161052D9000FE817 /* StorefrontJS.m */ = {isa = PBXFileReference; fileEncoding = 4; lastKnownFileType = sourcecode.c.objc; name = StorefrontJS.m; path = storefront/StorefrontJS.m; sourceTree = "<group>"; };
		C018B589161052D9000FE817 /* StorefrontViewController.h */ = {isa = PBXFileReference; fileEncoding = 4; lastKnownFileType = sourcecode.c.h; name = StorefrontViewController.h; path = storefront/StorefrontViewController.h; sourceTree = "<group>"; };
		C018B58A161052D9000FE817 /* StorefrontViewController.m */ = {isa = PBXFileReference; fileEncoding = 4; lastKnownFileType = sourcecode.c.objc; name = StorefrontViewController.m; path = storefront/StorefrontViewController.m; sourceTree = "<group>"; };
		C02CEC42160DC870000AA0D2 /* libSoomlaiOSStore.a */ = {isa = PBXFileReference; explicitFileType = archive.ar; includeInIndex = 0; path = libSoomlaiOSStore.a; sourceTree = BUILT_PRODUCTS_DIR; };
		C02CEC45160DC870000AA0D2 /* Foundation.framework */ = {isa = PBXFileReference; lastKnownFileType = wrapper.framework; name = Foundation.framework; path = System/Library/Frameworks/Foundation.framework; sourceTree = SDKROOT; };
		C02CEC49160DC870000AA0D2 /* SoomlaiOSStore-Prefix.pch */ = {isa = PBXFileReference; lastKnownFileType = sourcecode.c.h; path = "SoomlaiOSStore-Prefix.pch"; sourceTree = "<group>"; };
		C02CEC53160DC870000AA0D2 /* SoomlaiOSStoreTests.octest */ = {isa = PBXFileReference; explicitFileType = wrapper.cfbundle; includeInIndex = 0; path = SoomlaiOSStoreTests.octest; sourceTree = BUILT_PRODUCTS_DIR; };
		C02CEC54160DC870000AA0D2 /* SenTestingKit.framework */ = {isa = PBXFileReference; lastKnownFileType = wrapper.framework; name = SenTestingKit.framework; path = Library/Frameworks/SenTestingKit.framework; sourceTree = DEVELOPER_DIR; };
		C02CEC5E160DC870000AA0D2 /* SoomlaiOSStoreTests-Info.plist */ = {isa = PBXFileReference; lastKnownFileType = text.plist.xml; path = "SoomlaiOSStoreTests-Info.plist"; sourceTree = "<group>"; };
		C02CEC60160DC870000AA0D2 /* en */ = {isa = PBXFileReference; lastKnownFileType = text.plist.strings; name = en; path = en.lproj/InfoPlist.strings; sourceTree = "<group>"; };
		C02CEC62160DC870000AA0D2 /* SoomlaiOSStoreTests.h */ = {isa = PBXFileReference; lastKnownFileType = sourcecode.c.h; path = SoomlaiOSStoreTests.h; sourceTree = "<group>"; };
		C02CEC63160DC870000AA0D2 /* SoomlaiOSStoreTests.m */ = {isa = PBXFileReference; lastKnownFileType = sourcecode.c.objc; path = SoomlaiOSStoreTests.m; sourceTree = "<group>"; };
		C02CEC78160DCA31000AA0D2 /* StoreKit.framework */ = {isa = PBXFileReference; lastKnownFileType = wrapper.framework; name = StoreKit.framework; path = System/Library/Frameworks/StoreKit.framework; sourceTree = SDKROOT; };
		C02CEC7A160DCA3A000AA0D2 /* Security.framework */ = {isa = PBXFileReference; lastKnownFileType = wrapper.framework; name = Security.framework; path = System/Library/Frameworks/Security.framework; sourceTree = SDKROOT; };
		C02CEC7D160DCA67000AA0D2 /* JSONConsts.h */ = {isa = PBXFileReference; fileEncoding = 4; lastKnownFileType = sourcecode.c.h; path = JSONConsts.h; sourceTree = "<group>"; };
		C02CEC7E160DCA67000AA0D2 /* JSONConsts.m */ = {isa = PBXFileReference; fileEncoding = 4; lastKnownFileType = sourcecode.c.objc; path = JSONConsts.m; sourceTree = "<group>"; };
		C02CEC7F160DCA67000AA0D2 /* StorageManager.h */ = {isa = PBXFileReference; fileEncoding = 4; lastKnownFileType = sourcecode.c.h; path = StorageManager.h; sourceTree = "<group>"; };
		C02CEC80160DCA67000AA0D2 /* StorageManager.m */ = {isa = PBXFileReference; fileEncoding = 4; lastKnownFileType = sourcecode.c.objc; path = StorageManager.m; sourceTree = "<group>"; };
		C02CEC83160DCA67000AA0D2 /* StoreInfo.h */ = {isa = PBXFileReference; fileEncoding = 4; lastKnownFileType = sourcecode.c.h; path = StoreInfo.h; sourceTree = "<group>"; };
		C02CEC84160DCA67000AA0D2 /* StoreInfo.m */ = {isa = PBXFileReference; fileEncoding = 4; lastKnownFileType = sourcecode.c.objc; path = StoreInfo.m; sourceTree = "<group>"; };
		C02CEC8C160DCA67000AA0D2 /* VirtualCurrencyStorage.h */ = {isa = PBXFileReference; fileEncoding = 4; lastKnownFileType = sourcecode.c.h; path = VirtualCurrencyStorage.h; sourceTree = "<group>"; };
		C02CEC8D160DCA67000AA0D2 /* VirtualCurrencyStorage.m */ = {isa = PBXFileReference; fileEncoding = 4; lastKnownFileType = sourcecode.c.objc; path = VirtualCurrencyStorage.m; sourceTree = "<group>"; };
		C02CEC8E160DCA67000AA0D2 /* VirtualGoodStorage.h */ = {isa = PBXFileReference; fileEncoding = 4; lastKnownFileType = sourcecode.c.h; path = VirtualGoodStorage.h; sourceTree = "<group>"; };
		C02CEC8F160DCA67000AA0D2 /* VirtualGoodStorage.m */ = {isa = PBXFileReference; fileEncoding = 4; lastKnownFileType = sourcecode.c.objc; path = VirtualGoodStorage.m; sourceTree = "<group>"; };
		C02CEC92160DCA67000AA0D2 /* AppStoreItem.h */ = {isa = PBXFileReference; fileEncoding = 4; lastKnownFileType = sourcecode.c.h; path = AppStoreItem.h; sourceTree = "<group>"; };
		C02CEC93160DCA67000AA0D2 /* AppStoreItem.m */ = {isa = PBXFileReference; fileEncoding = 4; lastKnownFileType = sourcecode.c.objc; path = AppStoreItem.m; sourceTree = "<group>"; };
		C02CEC94160DCA67000AA0D2 /* BalanceDrivenPriceModel.h */ = {isa = PBXFileReference; fileEncoding = 4; lastKnownFileType = sourcecode.c.h; path = BalanceDrivenPriceModel.h; sourceTree = "<group>"; };
		C02CEC95160DCA67000AA0D2 /* BalanceDrivenPriceModel.m */ = {isa = PBXFileReference; fileEncoding = 4; lastKnownFileType = sourcecode.c.objc; path = BalanceDrivenPriceModel.m; sourceTree = "<group>"; };
		C02CEC96160DCA67000AA0D2 /* PriceModel.h */ = {isa = PBXFileReference; fileEncoding = 4; lastKnownFileType = sourcecode.c.h; path = PriceModel.h; sourceTree = "<group>"; };
		C02CEC97160DCA67000AA0D2 /* PriceModel.m */ = {isa = PBXFileReference; fileEncoding = 4; lastKnownFileType = sourcecode.c.objc; path = PriceModel.m; sourceTree = "<group>"; };
		C02CEC98160DCA67000AA0D2 /* StaticPriceModel.h */ = {isa = PBXFileReference; fileEncoding = 4; lastKnownFileType = sourcecode.c.h; path = StaticPriceModel.h; sourceTree = "<group>"; };
		C02CEC99160DCA67000AA0D2 /* StaticPriceModel.m */ = {isa = PBXFileReference; fileEncoding = 4; lastKnownFileType = sourcecode.c.objc; path = StaticPriceModel.m; sourceTree = "<group>"; };
		C02CEC9A160DCA67000AA0D2 /* VirtualCategory.h */ = {isa = PBXFileReference; fileEncoding = 4; lastKnownFileType = sourcecode.c.h; path = VirtualCategory.h; sourceTree = "<group>"; };
		C02CEC9B160DCA67000AA0D2 /* VirtualCategory.m */ = {isa = PBXFileReference; fileEncoding = 4; lastKnownFileType = sourcecode.c.objc; path = VirtualCategory.m; sourceTree = "<group>"; };
		C02CEC9C160DCA67000AA0D2 /* VirtualCurrency.h */ = {isa = PBXFileReference; fileEncoding = 4; lastKnownFileType = sourcecode.c.h; path = VirtualCurrency.h; sourceTree = "<group>"; };
		C02CEC9D160DCA67000AA0D2 /* VirtualCurrency.m */ = {isa = PBXFileReference; fileEncoding = 4; lastKnownFileType = sourcecode.c.objc; path = VirtualCurrency.m; sourceTree = "<group>"; };
		C02CEC9E160DCA67000AA0D2 /* VirtualCurrencyPack.h */ = {isa = PBXFileReference; fileEncoding = 4; lastKnownFileType = sourcecode.c.h; path = VirtualCurrencyPack.h; sourceTree = "<group>"; };
		C02CEC9F160DCA67000AA0D2 /* VirtualCurrencyPack.m */ = {isa = PBXFileReference; fileEncoding = 4; lastKnownFileType = sourcecode.c.objc; path = VirtualCurrencyPack.m; sourceTree = "<group>"; };
		C02CECA0160DCA67000AA0D2 /* VirtualGood.h */ = {isa = PBXFileReference; fileEncoding = 4; lastKnownFileType = sourcecode.c.h; path = VirtualGood.h; sourceTree = "<group>"; };
		C02CECA1160DCA67000AA0D2 /* VirtualGood.m */ = {isa = PBXFileReference; fileEncoding = 4; lastKnownFileType = sourcecode.c.objc; path = VirtualGood.m; sourceTree = "<group>"; };
		C02CECA2160DCA67000AA0D2 /* VirtualItem.h */ = {isa = PBXFileReference; fileEncoding = 4; lastKnownFileType = sourcecode.c.h; path = VirtualItem.h; sourceTree = "<group>"; };
		C02CECA3160DCA67000AA0D2 /* VirtualItem.m */ = {isa = PBXFileReference; fileEncoding = 4; lastKnownFileType = sourcecode.c.objc; path = VirtualItem.m; sourceTree = "<group>"; };
		C02CECAB160DCA67000AA0D2 /* EventHandling.h */ = {isa = PBXFileReference; fileEncoding = 4; lastKnownFileType = sourcecode.c.h; path = EventHandling.h; sourceTree = "<group>"; };
		C02CECAC160DCA67000AA0D2 /* EventHandling.m */ = {isa = PBXFileReference; fileEncoding = 4; lastKnownFileType = sourcecode.c.objc; path = EventHandling.m; sourceTree = "<group>"; };
		C02CECAE160DCA67000AA0D2 /* InsufficientFundsException.h */ = {isa = PBXFileReference; fileEncoding = 4; lastKnownFileType = sourcecode.c.h; path = InsufficientFundsException.h; sourceTree = "<group>"; };
		C02CECAF160DCA67000AA0D2 /* InsufficientFundsException.m */ = {isa = PBXFileReference; fileEncoding = 4; lastKnownFileType = sourcecode.c.objc; path = InsufficientFundsException.m; sourceTree = "<group>"; };
		C02CECB0160DCA67000AA0D2 /* VirtualItemNotFoundException.h */ = {isa = PBXFileReference; fileEncoding = 4; lastKnownFileType = sourcecode.c.h; path = VirtualItemNotFoundException.h; sourceTree = "<group>"; };
		C02CECB1160DCA67000AA0D2 /* VirtualItemNotFoundException.m */ = {isa = PBXFileReference; fileEncoding = 4; lastKnownFileType = sourcecode.c.objc; path = VirtualItemNotFoundException.m; sourceTree = "<group>"; };
		C02CECB2160DCA67000AA0D2 /* IStoreAsssets.h */ = {isa = PBXFileReference; fileEncoding = 4; lastKnownFileType = sourcecode.c.h; path = IStoreAsssets.h; sourceTree = "<group>"; };
		C02CECB5160DCA67000AA0D2 /* JSONKit.h */ = {isa = PBXFileReference; fileEncoding = 4; lastKnownFileType = sourcecode.c.h; path = JSONKit.h; sourceTree = "<group>"; };
		C02CECB6160DCA67000AA0D2 /* JSONKit.m */ = {isa = PBXFileReference; fileEncoding = 4; lastKnownFileType = sourcecode.c.objc; path = JSONKit.m; sourceTree = "<group>"; };
		C02CECCA160DCA67000AA0D2 /* StoreConfig.h */ = {isa = PBXFileReference; fileEncoding = 4; lastKnownFileType = sourcecode.c.h; path = StoreConfig.h; sourceTree = "<group>"; };
		C02CECCB160DCA67000AA0D2 /* StoreConfig.m */ = {isa = PBXFileReference; fileEncoding = 4; lastKnownFileType = sourcecode.c.objc; path = StoreConfig.m; sourceTree = "<group>"; };
		C02CECCC160DCA67000AA0D2 /* StoreController.h */ = {isa = PBXFileReference; fileEncoding = 4; lastKnownFileType = sourcecode.c.h; path = StoreController.h; sourceTree = "<group>"; };
		C02CECCD160DCA67000AA0D2 /* StoreController.m */ = {isa = PBXFileReference; fileEncoding = 4; lastKnownFileType = sourcecode.c.objc; path = StoreController.m; sourceTree = "<group>"; };
		C02CECCF160DCA67000AA0D2 /* NSString+MD5Addition.h */ = {isa = PBXFileReference; fileEncoding = 4; lastKnownFileType = sourcecode.c.h; path = "NSString+MD5Addition.h"; sourceTree = "<group>"; };
		C02CECD0160DCA67000AA0D2 /* NSString+MD5Addition.m */ = {isa = PBXFileReference; fileEncoding = 4; lastKnownFileType = sourcecode.c.objc; path = "NSString+MD5Addition.m"; sourceTree = "<group>"; };
		C02CECD1160DCA67000AA0D2 /* UIDevice+IdentifierAddition.h */ = {isa = PBXFileReference; fileEncoding = 4; lastKnownFileType = sourcecode.c.h; path = "UIDevice+IdentifierAddition.h"; sourceTree = "<group>"; };
		C02CECD2160DCA67000AA0D2 /* UIDevice+IdentifierAddition.m */ = {isa = PBXFileReference; fileEncoding = 4; lastKnownFileType = sourcecode.c.objc; path = "UIDevice+IdentifierAddition.m"; sourceTree = "<group>"; };
		C02CECF5160DCB4A000AA0D2 /* UIKit.framework */ = {isa = PBXFileReference; lastKnownFileType = wrapper.framework; name = UIKit.framework; path = System/Library/Frameworks/UIKit.framework; sourceTree = SDKROOT; };
		C0780E9E161B8EFE00F43934 /* NotEnoughGoodsException.h */ = {isa = PBXFileReference; fileEncoding = 4; lastKnownFileType = sourcecode.c.h; path = NotEnoughGoodsException.h; sourceTree = "<group>"; };
		C0780E9F161B8EFE00F43934 /* NotEnoughGoodsException.m */ = {isa = PBXFileReference; fileEncoding = 4; lastKnownFileType = sourcecode.c.objc; path = NotEnoughGoodsException.m; sourceTree = "<group>"; };
		C07DA3BE162182F2005792DD /* StoreDatabase.h */ = {isa = PBXFileReference; fileEncoding = 4; lastKnownFileType = sourcecode.c.h; path = StoreDatabase.h; sourceTree = "<group>"; };
		C07DA3BF162182F2005792DD /* StoreDatabase.m */ = {isa = PBXFileReference; fileEncoding = 4; lastKnownFileType = sourcecode.c.objc; path = StoreDatabase.m; sourceTree = "<group>"; };
		C07DA3C216218309005792DD /* libsqlite3.0.dylib */ = {isa = PBXFileReference; lastKnownFileType = "compiled.mach-o.dylib"; name = libsqlite3.0.dylib; path = usr/lib/libsqlite3.0.dylib; sourceTree = SDKROOT; };
		C07DA3C71622FF6E005792DD /* StoreEncryptor.h */ = {isa = PBXFileReference; fileEncoding = 4; lastKnownFileType = sourcecode.c.h; path = StoreEncryptor.h; sourceTree = "<group>"; };
		C07DA3C81622FF6E005792DD /* StoreEncryptor.m */ = {isa = PBXFileReference; fileEncoding = 4; lastKnownFileType = sourcecode.c.objc; path = StoreEncryptor.m; sourceTree = "<group>"; };
		C07DA3D8162474AC005792DD /* FBEncryptorAES.h */ = {isa = PBXFileReference; fileEncoding = 4; lastKnownFileType = sourcecode.c.h; path = FBEncryptorAES.h; sourceTree = "<group>"; };
		C07DA3D9162474AC005792DD /* FBEncryptorAES.m */ = {isa = PBXFileReference; fileEncoding = 4; lastKnownFileType = sourcecode.c.objc; path = FBEncryptorAES.m; sourceTree = "<group>"; };
		C07DA3DA162474AC005792DD /* NSData+Base64.h */ = {isa = PBXFileReference; fileEncoding = 4; lastKnownFileType = sourcecode.c.h; path = "NSData+Base64.h"; sourceTree = "<group>"; };
		C07DA3DB162474AC005792DD /* NSData+Base64.m */ = {isa = PBXFileReference; fileEncoding = 4; lastKnownFileType = sourcecode.c.objc; path = "NSData+Base64.m"; sourceTree = "<group>"; };
/* End PBXFileReference section */

/* Begin PBXFrameworksBuildPhase section */
		C02CEC3F160DC870000AA0D2 /* Frameworks */ = {
			isa = PBXFrameworksBuildPhase;
			buildActionMask = 2147483647;
			files = (
				C07DA3C316218309005792DD /* libsqlite3.0.dylib in Frameworks */,
				C018B64F16105F77000FE817 /* CoreFoundation.framework in Frameworks */,
				C02CECF6160DCB4A000AA0D2 /* UIKit.framework in Frameworks */,
				C02CEC7B160DCA3A000AA0D2 /* Security.framework in Frameworks */,
				C02CEC79160DCA31000AA0D2 /* StoreKit.framework in Frameworks */,
				C02CEC46160DC870000AA0D2 /* Foundation.framework in Frameworks */,
			);
			runOnlyForDeploymentPostprocessing = 0;
		};
		C02CEC4F160DC870000AA0D2 /* Frameworks */ = {
			isa = PBXFrameworksBuildPhase;
			buildActionMask = 2147483647;
			files = (
				C02CEC55160DC870000AA0D2 /* SenTestingKit.framework in Frameworks */,
				C02CEC58160DC870000AA0D2 /* Foundation.framework in Frameworks */,
				C02CEC5B160DC870000AA0D2 /* libSoomlaiOSStore.a in Frameworks */,
			);
			runOnlyForDeploymentPostprocessing = 0;
		};
/* End PBXFrameworksBuildPhase section */

/* Begin PBXGroup section */
		C018B58416105290000FE817 /* storefront */ = {
			isa = PBXGroup;
			children = (
				C018B585161052D9000FE817 /* StorefrontController.h */,
				C018B586161052D9000FE817 /* StorefrontController.m */,
				C018B587161052D9000FE817 /* StorefrontJS.h */,
				C018B588161052D9000FE817 /* StorefrontJS.m */,
				C018B589161052D9000FE817 /* StorefrontViewController.h */,
				C018B58A161052D9000FE817 /* StorefrontViewController.m */,
			);
			name = storefront;
			sourceTree = "<group>";
		};
		C02CEC37160DC870000AA0D2 = {
			isa = PBXGroup;
			children = (
				C02CEC47160DC870000AA0D2 /* SoomlaiOSStore */,
				C02CEC5C160DC870000AA0D2 /* SoomlaiOSStoreTests */,
				C02CEC44160DC870000AA0D2 /* Frameworks */,
				C02CEC43160DC870000AA0D2 /* Products */,
			);
			sourceTree = "<group>";
		};
		C02CEC43160DC870000AA0D2 /* Products */ = {
			isa = PBXGroup;
			children = (
				C02CEC42160DC870000AA0D2 /* libSoomlaiOSStore.a */,
				C02CEC53160DC870000AA0D2 /* SoomlaiOSStoreTests.octest */,
			);
			name = Products;
			sourceTree = "<group>";
		};
		C02CEC44160DC870000AA0D2 /* Frameworks */ = {
			isa = PBXGroup;
			children = (
				C07DA3C216218309005792DD /* libsqlite3.0.dylib */,
				C02CECF5160DCB4A000AA0D2 /* UIKit.framework */,
				C02CEC7A160DCA3A000AA0D2 /* Security.framework */,
				C02CEC78160DCA31000AA0D2 /* StoreKit.framework */,
				C02CEC45160DC870000AA0D2 /* Foundation.framework */,
				C02CEC54160DC870000AA0D2 /* SenTestingKit.framework */,
				C018B47B160F5B23000FE817 /* CoreFoundation.framework */,
			);
			name = Frameworks;
			sourceTree = "<group>";
		};
		C02CEC47160DC870000AA0D2 /* SoomlaiOSStore */ = {
			isa = PBXGroup;
			children = (
				C018B58416105290000FE817 /* storefront */,
				C02CEC7C160DCA67000AA0D2 /* data */,
				C02CEC90160DCA67000AA0D2 /* domain */,
				C02CECAD160DCA67000AA0D2 /* exceptions */,
				C02CECB4160DCA67000AA0D2 /* JSON */,
				C07DA3D7162474AC005792DD /* FBEncryptor */,
				C02CECCE160DCA67000AA0D2 /* UIDevice-UUID */,
				C02CEC48160DC870000AA0D2 /* Supporting Files */,
				C02CECAB160DCA67000AA0D2 /* EventHandling.h */,
				C02CECAC160DCA67000AA0D2 /* EventHandling.m */,
				C02CECB2160DCA67000AA0D2 /* IStoreAsssets.h */,
				C02CECCA160DCA67000AA0D2 /* StoreConfig.h */,
				C02CECCB160DCA67000AA0D2 /* StoreConfig.m */,
				C02CECCC160DCA67000AA0D2 /* StoreController.h */,
				C02CECCD160DCA67000AA0D2 /* StoreController.m */,
			);
			path = SoomlaiOSStore;
			sourceTree = "<group>";
		};
		C02CEC48160DC870000AA0D2 /* Supporting Files */ = {
			isa = PBXGroup;
			children = (
				C02CEC49160DC870000AA0D2 /* SoomlaiOSStore-Prefix.pch */,
			);
			name = "Supporting Files";
			sourceTree = "<group>";
		};
		C02CEC5C160DC870000AA0D2 /* SoomlaiOSStoreTests */ = {
			isa = PBXGroup;
			children = (
				C02CEC62160DC870000AA0D2 /* SoomlaiOSStoreTests.h */,
				C02CEC63160DC870000AA0D2 /* SoomlaiOSStoreTests.m */,
				C02CEC5D160DC870000AA0D2 /* Supporting Files */,
			);
			path = SoomlaiOSStoreTests;
			sourceTree = "<group>";
		};
		C02CEC5D160DC870000AA0D2 /* Supporting Files */ = {
			isa = PBXGroup;
			children = (
				C02CEC5E160DC870000AA0D2 /* SoomlaiOSStoreTests-Info.plist */,
				C02CEC5F160DC870000AA0D2 /* InfoPlist.strings */,
			);
			name = "Supporting Files";
			sourceTree = "<group>";
		};
		C02CEC7C160DCA67000AA0D2 /* data */ = {
			isa = PBXGroup;
			children = (
				C02CEC7D160DCA67000AA0D2 /* JSONConsts.h */,
				C02CEC7E160DCA67000AA0D2 /* JSONConsts.m */,
				C02CEC7F160DCA67000AA0D2 /* StorageManager.h */,
				C02CEC80160DCA67000AA0D2 /* StorageManager.m */,
				C02CEC83160DCA67000AA0D2 /* StoreInfo.h */,
				C02CEC84160DCA67000AA0D2 /* StoreInfo.m */,
				C02CEC8C160DCA67000AA0D2 /* VirtualCurrencyStorage.h */,
				C02CEC8D160DCA67000AA0D2 /* VirtualCurrencyStorage.m */,
				C02CEC8E160DCA67000AA0D2 /* VirtualGoodStorage.h */,
				C02CEC8F160DCA67000AA0D2 /* VirtualGoodStorage.m */,
				C018B57D160FC702000FE817 /* StorefrontInfo.h */,
				C018B57E160FC702000FE817 /* StorefrontInfo.m */,
				C07DA3BE162182F2005792DD /* StoreDatabase.h */,
				C07DA3BF162182F2005792DD /* StoreDatabase.m */,
				C07DA3C71622FF6E005792DD /* StoreEncryptor.h */,
				C07DA3C81622FF6E005792DD /* StoreEncryptor.m */,
			);
			path = data;
			sourceTree = "<group>";
		};
		C02CEC90160DCA67000AA0D2 /* domain */ = {
			isa = PBXGroup;
			children = (
				C02CEC91160DCA67000AA0D2 /* data */,
			);
			path = domain;
			sourceTree = "<group>";
		};
		C02CEC91160DCA67000AA0D2 /* data */ = {
			isa = PBXGroup;
			children = (
				C02CEC92160DCA67000AA0D2 /* AppStoreItem.h */,
				C02CEC93160DCA67000AA0D2 /* AppStoreItem.m */,
				C02CEC94160DCA67000AA0D2 /* BalanceDrivenPriceModel.h */,
				C02CEC95160DCA67000AA0D2 /* BalanceDrivenPriceModel.m */,
				C02CEC96160DCA67000AA0D2 /* PriceModel.h */,
				C02CEC97160DCA67000AA0D2 /* PriceModel.m */,
				C02CEC98160DCA67000AA0D2 /* StaticPriceModel.h */,
				C02CEC99160DCA67000AA0D2 /* StaticPriceModel.m */,
				C02CEC9A160DCA67000AA0D2 /* VirtualCategory.h */,
				C02CEC9B160DCA67000AA0D2 /* VirtualCategory.m */,
				C02CEC9C160DCA67000AA0D2 /* VirtualCurrency.h */,
				C02CEC9D160DCA67000AA0D2 /* VirtualCurrency.m */,
				C02CEC9E160DCA67000AA0D2 /* VirtualCurrencyPack.h */,
				C02CEC9F160DCA67000AA0D2 /* VirtualCurrencyPack.m */,
				C02CECA0160DCA67000AA0D2 /* VirtualGood.h */,
				C02CECA1160DCA67000AA0D2 /* VirtualGood.m */,
				C02CECA2160DCA67000AA0D2 /* VirtualItem.h */,
				C02CECA3160DCA67000AA0D2 /* VirtualItem.m */,
			);
			path = data;
			sourceTree = "<group>";
		};
		C02CECAD160DCA67000AA0D2 /* exceptions */ = {
			isa = PBXGroup;
			children = (
				C02CECAE160DCA67000AA0D2 /* InsufficientFundsException.h */,
				C02CECAF160DCA67000AA0D2 /* InsufficientFundsException.m */,
				C02CECB0160DCA67000AA0D2 /* VirtualItemNotFoundException.h */,
				C02CECB1160DCA67000AA0D2 /* VirtualItemNotFoundException.m */,
				C0780E9E161B8EFE00F43934 /* NotEnoughGoodsException.h */,
				C0780E9F161B8EFE00F43934 /* NotEnoughGoodsException.m */,
			);
			path = exceptions;
			sourceTree = "<group>";
		};
		C02CECB4160DCA67000AA0D2 /* JSON */ = {
			isa = PBXGroup;
			children = (
				C02CECB5160DCA67000AA0D2 /* JSONKit.h */,
				C02CECB6160DCA67000AA0D2 /* JSONKit.m */,
			);
			path = JSON;
			sourceTree = "<group>";
		};
		C02CECCE160DCA67000AA0D2 /* UIDevice-UUID */ = {
			isa = PBXGroup;
			children = (
				C02CECCF160DCA67000AA0D2 /* NSString+MD5Addition.h */,
				C02CECD0160DCA67000AA0D2 /* NSString+MD5Addition.m */,
				C02CECD1160DCA67000AA0D2 /* UIDevice+IdentifierAddition.h */,
				C02CECD2160DCA67000AA0D2 /* UIDevice+IdentifierAddition.m */,
			);
			path = "UIDevice-UUID";
			sourceTree = "<group>";
		};
		C07DA3D7162474AC005792DD /* FBEncryptor */ = {
			isa = PBXGroup;
			children = (
				C07DA3D8162474AC005792DD /* FBEncryptorAES.h */,
				C07DA3D9162474AC005792DD /* FBEncryptorAES.m */,
				C07DA3DA162474AC005792DD /* NSData+Base64.h */,
				C07DA3DB162474AC005792DD /* NSData+Base64.m */,
			);
			path = FBEncryptor;
			sourceTree = "<group>";
		};
/* End PBXGroup section */

/* Begin PBXNativeTarget section */
		C02CEC41160DC870000AA0D2 /* SoomlaiOSStore */ = {
			isa = PBXNativeTarget;
			buildConfigurationList = C02CEC67160DC870000AA0D2 /* Build configuration list for PBXNativeTarget "SoomlaiOSStore" */;
			buildPhases = (
				C02CEC3E160DC870000AA0D2 /* Sources */,
				C02CEC3F160DC870000AA0D2 /* Frameworks */,
				C02CEC40160DC870000AA0D2 /* CopyFiles */,
			);
			buildRules = (
			);
			dependencies = (
			);
			name = SoomlaiOSStore;
			productName = SoomlaiOSStore;
			productReference = C02CEC42160DC870000AA0D2 /* libSoomlaiOSStore.a */;
			productType = "com.apple.product-type.library.static";
		};
		C02CEC52160DC870000AA0D2 /* SoomlaiOSStoreTests */ = {
			isa = PBXNativeTarget;
			buildConfigurationList = C02CEC6A160DC870000AA0D2 /* Build configuration list for PBXNativeTarget "SoomlaiOSStoreTests" */;
			buildPhases = (
				C02CEC4E160DC870000AA0D2 /* Sources */,
				C02CEC4F160DC870000AA0D2 /* Frameworks */,
				C02CEC50160DC870000AA0D2 /* Resources */,
				C02CEC51160DC870000AA0D2 /* ShellScript */,
			);
			buildRules = (
			);
			dependencies = (
				C02CEC5A160DC870000AA0D2 /* PBXTargetDependency */,
			);
			name = SoomlaiOSStoreTests;
			productName = SoomlaiOSStoreTests;
			productReference = C02CEC53160DC870000AA0D2 /* SoomlaiOSStoreTests.octest */;
			productType = "com.apple.product-type.bundle";
		};
/* End PBXNativeTarget section */

/* Begin PBXProject section */
		C02CEC39160DC870000AA0D2 /* Project object */ = {
			isa = PBXProject;
			attributes = {
				LastUpgradeCheck = 0450;
				ORGANIZATIONNAME = SOOMLA;
			};
			buildConfigurationList = C02CEC3C160DC870000AA0D2 /* Build configuration list for PBXProject "SoomlaiOSStore" */;
			compatibilityVersion = "Xcode 3.2";
			developmentRegion = English;
			hasScannedForEncodings = 0;
			knownRegions = (
				en,
			);
			mainGroup = C02CEC37160DC870000AA0D2;
			productRefGroup = C02CEC43160DC870000AA0D2 /* Products */;
			projectDirPath = "";
			projectRoot = "";
			targets = (
				C02CEC41160DC870000AA0D2 /* SoomlaiOSStore */,
				C02CEC52160DC870000AA0D2 /* SoomlaiOSStoreTests */,
			);
		};
/* End PBXProject section */

/* Begin PBXResourcesBuildPhase section */
		C02CEC50160DC870000AA0D2 /* Resources */ = {
			isa = PBXResourcesBuildPhase;
			buildActionMask = 2147483647;
			files = (
				C02CEC61160DC870000AA0D2 /* InfoPlist.strings in Resources */,
			);
			runOnlyForDeploymentPostprocessing = 0;
		};
/* End PBXResourcesBuildPhase section */

/* Begin PBXShellScriptBuildPhase section */
		C02CEC51160DC870000AA0D2 /* ShellScript */ = {
			isa = PBXShellScriptBuildPhase;
			buildActionMask = 2147483647;
			files = (
			);
			inputPaths = (
			);
			outputPaths = (
			);
			runOnlyForDeploymentPostprocessing = 0;
			shellPath = /bin/sh;
			shellScript = "# Run the unit tests in this test bundle.\n\"${SYSTEM_DEVELOPER_DIR}/Tools/RunUnitTests\"\n";
		};
/* End PBXShellScriptBuildPhase section */

/* Begin PBXSourcesBuildPhase section */
		C02CEC3E160DC870000AA0D2 /* Sources */ = {
			isa = PBXSourcesBuildPhase;
			buildActionMask = 2147483647;
			files = (
				C02CECD3160DCA67000AA0D2 /* JSONConsts.m in Sources */,
				C02CECD4160DCA67000AA0D2 /* StorageManager.m in Sources */,
				C02CECD6160DCA67000AA0D2 /* StoreInfo.m in Sources */,
				C02CECDA160DCA67000AA0D2 /* VirtualCurrencyStorage.m in Sources */,
				C02CECDB160DCA67000AA0D2 /* VirtualGoodStorage.m in Sources */,
				C02CECDC160DCA67000AA0D2 /* AppStoreItem.m in Sources */,
				C02CECDD160DCA67000AA0D2 /* BalanceDrivenPriceModel.m in Sources */,
				C02CECDE160DCA67000AA0D2 /* PriceModel.m in Sources */,
				C02CECDF160DCA67000AA0D2 /* StaticPriceModel.m in Sources */,
				C02CECE0160DCA67000AA0D2 /* VirtualCategory.m in Sources */,
				C02CECE1160DCA67000AA0D2 /* VirtualCurrency.m in Sources */,
				C02CECE2160DCA67000AA0D2 /* VirtualCurrencyPack.m in Sources */,
				C02CECE3160DCA67000AA0D2 /* VirtualGood.m in Sources */,
				C02CECE4160DCA67000AA0D2 /* VirtualItem.m in Sources */,
				C02CECE5160DCA67000AA0D2 /* EventHandling.m in Sources */,
				C02CECE6160DCA67000AA0D2 /* InsufficientFundsException.m in Sources */,
				C02CECE7160DCA67000AA0D2 /* VirtualItemNotFoundException.m in Sources */,
				C02CECE8160DCA67000AA0D2 /* JSONKit.m in Sources */,
				C02CECF1160DCA67000AA0D2 /* StoreConfig.m in Sources */,
				C02CECF2160DCA67000AA0D2 /* StoreController.m in Sources */,
				C02CECF3160DCA67000AA0D2 /* NSString+MD5Addition.m in Sources */,
				C02CECF4160DCA67000AA0D2 /* UIDevice+IdentifierAddition.m in Sources */,
				C018B58B161052D9000FE817 /* StorefrontController.m in Sources */,
				C018B58C161052D9000FE817 /* StorefrontJS.m in Sources */,
				C018B58D161052D9000FE817 /* StorefrontViewController.m in Sources */,
				C018B7141610EE89000FE817 /* StorefrontInfo.m in Sources */,
				C0780EA0161B8EFE00F43934 /* NotEnoughGoodsException.m in Sources */,
				C07DA3C0162182F2005792DD /* StoreDatabase.m in Sources */,
				C07DA3C91622FF6E005792DD /* StoreEncryptor.m in Sources */,
				C07DA3DC162474AC005792DD /* FBEncryptorAES.m in Sources */,
				C07DA3DE162474AC005792DD /* NSData+Base64.m in Sources */,
			);
			runOnlyForDeploymentPostprocessing = 0;
		};
		C02CEC4E160DC870000AA0D2 /* Sources */ = {
			isa = PBXSourcesBuildPhase;
			buildActionMask = 2147483647;
			files = (
				C02CEC64160DC870000AA0D2 /* SoomlaiOSStoreTests.m in Sources */,
				C07DA3DD162474AC005792DD /* FBEncryptorAES.m in Sources */,
				C07DA3DF162474AC005792DD /* NSData+Base64.m in Sources */,
			);
			runOnlyForDeploymentPostprocessing = 0;
		};
/* End PBXSourcesBuildPhase section */

/* Begin PBXTargetDependency section */
		C02CEC5A160DC870000AA0D2 /* PBXTargetDependency */ = {
			isa = PBXTargetDependency;
			target = C02CEC41160DC870000AA0D2 /* SoomlaiOSStore */;
			targetProxy = C02CEC59160DC870000AA0D2 /* PBXContainerItemProxy */;
		};
/* End PBXTargetDependency section */

/* Begin PBXVariantGroup section */
		C02CEC5F160DC870000AA0D2 /* InfoPlist.strings */ = {
			isa = PBXVariantGroup;
			children = (
				C02CEC60160DC870000AA0D2 /* en */,
			);
			name = InfoPlist.strings;
			sourceTree = "<group>";
		};
/* End PBXVariantGroup section */

/* Begin XCBuildConfiguration section */
		C02CEC65160DC870000AA0D2 /* Debug */ = {
			isa = XCBuildConfiguration;
			buildSettings = {
				ALWAYS_SEARCH_USER_PATHS = NO;
				CLANG_CXX_LANGUAGE_STANDARD = "gnu++0x";
				CLANG_CXX_LIBRARY = "libc++";
				CLANG_ENABLE_OBJC_ARC = YES;
				CLANG_WARN_EMPTY_BODY = YES;
				CLANG_WARN__DUPLICATE_METHOD_MATCH = YES;
				COPY_PHASE_STRIP = NO;
				GCC_C_LANGUAGE_STANDARD = gnu99;
				GCC_DYNAMIC_NO_PIC = NO;
				GCC_OPTIMIZATION_LEVEL = 0;
				GCC_PREPROCESSOR_DEFINITIONS = (
					"DEBUG=1",
					"$(inherited)",
				);
				GCC_SYMBOLS_PRIVATE_EXTERN = NO;
				GCC_WARN_ABOUT_RETURN_TYPE = YES;
				GCC_WARN_UNINITIALIZED_AUTOS = YES;
				GCC_WARN_UNUSED_VARIABLE = YES;
				IPHONEOS_DEPLOYMENT_TARGET = 4.3;
				SDKROOT = iphoneos;
			};
			name = Debug;
		};
		C02CEC66160DC870000AA0D2 /* Release */ = {
			isa = XCBuildConfiguration;
			buildSettings = {
				ALWAYS_SEARCH_USER_PATHS = NO;
				CLANG_CXX_LANGUAGE_STANDARD = "gnu++0x";
				CLANG_CXX_LIBRARY = "libc++";
				CLANG_ENABLE_OBJC_ARC = YES;
				CLANG_WARN_EMPTY_BODY = YES;
				CLANG_WARN__DUPLICATE_METHOD_MATCH = YES;
				COPY_PHASE_STRIP = YES;
				GCC_C_LANGUAGE_STANDARD = gnu99;
				GCC_WARN_ABOUT_RETURN_TYPE = YES;
				GCC_WARN_UNINITIALIZED_AUTOS = YES;
				GCC_WARN_UNUSED_VARIABLE = YES;
				IPHONEOS_DEPLOYMENT_TARGET = 4.3;
				SDKROOT = iphoneos;
				VALIDATE_PRODUCT = YES;
			};
			name = Release;
		};
		C02CEC68160DC870000AA0D2 /* Debug */ = {
			isa = XCBuildConfiguration;
			buildSettings = {
				CLANG_ENABLE_OBJC_ARC = YES;
				DSTROOT = /tmp/SoomlaiOSStore.dst;
				GCC_PRECOMPILE_PREFIX_HEADER = YES;
				GCC_PREFIX_HEADER = "SoomlaiOSStore/SoomlaiOSStore-Prefix.pch";
				OTHER_LDFLAGS = "-ObjC";
				PRODUCT_NAME = "$(TARGET_NAME)";
				SKIP_INSTALL = YES;
			};
			name = Debug;
		};
		C02CEC69160DC870000AA0D2 /* Release */ = {
			isa = XCBuildConfiguration;
			buildSettings = {
				CLANG_ENABLE_OBJC_ARC = YES;
				DSTROOT = /tmp/SoomlaiOSStore.dst;
				GCC_PRECOMPILE_PREFIX_HEADER = YES;
				GCC_PREFIX_HEADER = "SoomlaiOSStore/SoomlaiOSStore-Prefix.pch";
				OTHER_LDFLAGS = "-ObjC";
				PRODUCT_NAME = "$(TARGET_NAME)";
				SKIP_INSTALL = YES;
			};
			name = Release;
		};
		C02CEC6B160DC870000AA0D2 /* Debug */ = {
			isa = XCBuildConfiguration;
			buildSettings = {
				FRAMEWORK_SEARCH_PATHS = (
					"\"$(SDKROOT)/Developer/Library/Frameworks\"",
					"\"$(DEVELOPER_LIBRARY_DIR)/Frameworks\"",
				);
				GCC_PRECOMPILE_PREFIX_HEADER = YES;
				GCC_PREFIX_HEADER = "SoomlaiOSStore/SoomlaiOSStore-Prefix.pch";
				INFOPLIST_FILE = "SoomlaiOSStoreTests/SoomlaiOSStoreTests-Info.plist";
				PRODUCT_NAME = "$(TARGET_NAME)";
				WRAPPER_EXTENSION = octest;
			};
			name = Debug;
		};
		C02CEC6C160DC870000AA0D2 /* Release */ = {
			isa = XCBuildConfiguration;
			buildSettings = {
				FRAMEWORK_SEARCH_PATHS = (
					"\"$(SDKROOT)/Developer/Library/Frameworks\"",
					"\"$(DEVELOPER_LIBRARY_DIR)/Frameworks\"",
				);
				GCC_PRECOMPILE_PREFIX_HEADER = YES;
				GCC_PREFIX_HEADER = "SoomlaiOSStore/SoomlaiOSStore-Prefix.pch";
				INFOPLIST_FILE = "SoomlaiOSStoreTests/SoomlaiOSStoreTests-Info.plist";
				PRODUCT_NAME = "$(TARGET_NAME)";
				WRAPPER_EXTENSION = octest;
			};
			name = Release;
		};
/* End XCBuildConfiguration section */

/* Begin XCConfigurationList section */
		C02CEC3C160DC870000AA0D2 /* Build configuration list for PBXProject "SoomlaiOSStore" */ = {
			isa = XCConfigurationList;
			buildConfigurations = (
				C02CEC65160DC870000AA0D2 /* Debug */,
				C02CEC66160DC870000AA0D2 /* Release */,
			);
			defaultConfigurationIsVisible = 0;
			defaultConfigurationName = Release;
		};
		C02CEC67160DC870000AA0D2 /* Build configuration list for PBXNativeTarget "SoomlaiOSStore" */ = {
			isa = XCConfigurationList;
			buildConfigurations = (
				C02CEC68160DC870000AA0D2 /* Debug */,
				C02CEC69160DC870000AA0D2 /* Release */,
			);
			defaultConfigurationIsVisible = 0;
			defaultConfigurationName = Release;
		};
		C02CEC6A160DC870000AA0D2 /* Build configuration list for PBXNativeTarget "SoomlaiOSStoreTests" */ = {
			isa = XCConfigurationList;
			buildConfigurations = (
				C02CEC6B160DC870000AA0D2 /* Debug */,
				C02CEC6C160DC870000AA0D2 /* Release */,
			);
			defaultConfigurationIsVisible = 0;
			defaultConfigurationName = Release;
		};
/* End XCConfigurationList section */
	};
	rootObject = C02CEC39160DC870000AA0D2 /* Project object */;
}
