// !$*UTF8*$!
{
	archiveVersion = 1;
	classes = {
	};
	objectVersion = 46;
	objects = {

/* Begin PBXBuildFile section */
		C06222F61624A8B800101FE8 /* UIKit.framework in Frameworks */ = {isa = PBXBuildFile; fileRef = C06222F51624A8B800101FE8 /* UIKit.framework */; };
		C06222F81624A8B800101FE8 /* Foundation.framework in Frameworks */ = {isa = PBXBuildFile; fileRef = C06222F71624A8B800101FE8 /* Foundation.framework */; };
		C06222FA1624A8B800101FE8 /* CoreGraphics.framework in Frameworks */ = {isa = PBXBuildFile; fileRef = C06222F91624A8B800101FE8 /* CoreGraphics.framework */; };
		C06223001624A8B800101FE8 /* InfoPlist.strings in Resources */ = {isa = PBXBuildFile; fileRef = C06222FE1624A8B800101FE8 /* InfoPlist.strings */; };
		C06223021624A8B800101FE8 /* main.m in Sources */ = {isa = PBXBuildFile; fileRef = C06223011624A8B800101FE8 /* main.m */; };
		C06223061624A8B800101FE8 /* AppDelegate.m in Sources */ = {isa = PBXBuildFile; fileRef = C06223051624A8B800101FE8 /* AppDelegate.m */; };
		C062231F1624B19B00101FE8 /* MainStoryboard_iPad.storyboard in Resources */ = {isa = PBXBuildFile; fileRef = C062231B1624B19B00101FE8 /* MainStoryboard_iPad.storyboard */; };
		C06223201624B19B00101FE8 /* MainStoryboard_iPhone.storyboard in Resources */ = {isa = PBXBuildFile; fileRef = C062231D1624B19B00101FE8 /* MainStoryboard_iPhone.storyboard */; };
		C06223301624B1A900101FE8 /* GoodDog.otf in Resources */ = {isa = PBXBuildFile; fileRef = C06223221624B1A900101FE8 /* GoodDog.otf */; };
		C06223311624B1A900101FE8 /* Default-568h@2x.png in Resources */ = {isa = PBXBuildFile; fileRef = C06223241624B1A900101FE8 /* Default-568h@2x.png */; };
		C06223321624B1A900101FE8 /* Default.png in Resources */ = {isa = PBXBuildFile; fileRef = C06223251624B1A900101FE8 /* Default.png */; };
		C06223331624B1A900101FE8 /* Default@2x.png in Resources */ = {isa = PBXBuildFile; fileRef = C06223261624B1A900101FE8 /* Default@2x.png */; };
		C06223341624B1A900101FE8 /* gradient.png in Resources */ = {isa = PBXBuildFile; fileRef = C06223271624B1A900101FE8 /* gradient.png */; };
		C06223351624B1A900101FE8 /* Icon.png in Resources */ = {isa = PBXBuildFile; fileRef = C06223281624B1A900101FE8 /* Icon.png */; };
		C06223361624B1A900101FE8 /* Icon@2x.png in Resources */ = {isa = PBXBuildFile; fileRef = C06223291624B1A900101FE8 /* Icon@2x.png */; };
		C06223371624B1A900101FE8 /* img_direct.jpg in Resources */ = {isa = PBXBuildFile; fileRef = C062232A1624B1A900101FE8 /* img_direct.jpg */; };
		C06223381624B1A900101FE8 /* right_bg.png in Resources */ = {isa = PBXBuildFile; fileRef = C062232B1624B1A900101FE8 /* right_bg.png */; };
		C06223391624B1A900101FE8 /* right_bg_hover.png in Resources */ = {isa = PBXBuildFile; fileRef = C062232C1624B1A900101FE8 /* right_bg_hover.png */; };
		C062233A1624B1A900101FE8 /* soomla_logo_new.png in Resources */ = {isa = PBXBuildFile; fileRef = C062232D1624B1A900101FE8 /* soomla_logo_new.png */; };
		C062233B1624B1A900101FE8 /* muffinRushTheme.json in Resources */ = {isa = PBXBuildFile; fileRef = C062232E1624B1A900101FE8 /* muffinRushTheme.json */; };
		C062233D1625705700101FE8 /* libSoomlaiOSStore.a in Frameworks */ = {isa = PBXBuildFile; fileRef = C062233C1625705700101FE8 /* libSoomlaiOSStore.a */; };
		C062233F1625705F00101FE8 /* libsqlite3.0.dylib in Frameworks */ = {isa = PBXBuildFile; fileRef = C062233E1625705F00101FE8 /* libsqlite3.0.dylib */; };
		C06223411625706B00101FE8 /* StoreKit.framework in Frameworks */ = {isa = PBXBuildFile; fileRef = C06223401625706B00101FE8 /* StoreKit.framework */; };
		C06223431625711000101FE8 /* Security.framework in Frameworks */ = {isa = PBXBuildFile; fileRef = C06223421625711000101FE8 /* Security.framework */; };
		C078923416259D0600D48ECD /* StoreExampleViewController.m in Sources */ = {isa = PBXBuildFile; fileRef = C078923316259D0600D48ECD /* StoreExampleViewController.m */; };
		C078923516259D0600D48ECD /* StoreExampleViewController.m in Sources */ = {isa = PBXBuildFile; fileRef = C078923316259D0600D48ECD /* StoreExampleViewController.m */; };
		C0ABC15A16259A1F00632364 /* soomla_ui in Resources */ = {isa = PBXBuildFile; fileRef = C0ABC15916259A1F00632364 /* soomla_ui */; };
		C0ABC15D16259A5F00632364 /* main.m in Sources */ = {isa = PBXBuildFile; fileRef = C06223011624A8B800101FE8 /* main.m */; };
		C0ABC15E16259A5F00632364 /* AppDelegate.m in Sources */ = {isa = PBXBuildFile; fileRef = C06223051624A8B800101FE8 /* AppDelegate.m */; };
		C0ABC16116259A5F00632364 /* Security.framework in Frameworks */ = {isa = PBXBuildFile; fileRef = C06223421625711000101FE8 /* Security.framework */; };
		C0ABC16216259A5F00632364 /* StoreKit.framework in Frameworks */ = {isa = PBXBuildFile; fileRef = C06223401625706B00101FE8 /* StoreKit.framework */; };
		C0ABC16316259A5F00632364 /* libsqlite3.0.dylib in Frameworks */ = {isa = PBXBuildFile; fileRef = C062233E1625705F00101FE8 /* libsqlite3.0.dylib */; };
		C0ABC16416259A5F00632364 /* libSoomlaiOSStore.a in Frameworks */ = {isa = PBXBuildFile; fileRef = C062233C1625705700101FE8 /* libSoomlaiOSStore.a */; };
		C0ABC16516259A5F00632364 /* UIKit.framework in Frameworks */ = {isa = PBXBuildFile; fileRef = C06222F51624A8B800101FE8 /* UIKit.framework */; };
		C0ABC16616259A5F00632364 /* Foundation.framework in Frameworks */ = {isa = PBXBuildFile; fileRef = C06222F71624A8B800101FE8 /* Foundation.framework */; };
		C0ABC16716259A5F00632364 /* CoreGraphics.framework in Frameworks */ = {isa = PBXBuildFile; fileRef = C06222F91624A8B800101FE8 /* CoreGraphics.framework */; };
		C0ABC16916259A5F00632364 /* InfoPlist.strings in Resources */ = {isa = PBXBuildFile; fileRef = C06222FE1624A8B800101FE8 /* InfoPlist.strings */; };
		C0ABC16A16259A5F00632364 /* MainStoryboard_iPad.storyboard in Resources */ = {isa = PBXBuildFile; fileRef = C062231B1624B19B00101FE8 /* MainStoryboard_iPad.storyboard */; };
		C0ABC16B16259A5F00632364 /* MainStoryboard_iPhone.storyboard in Resources */ = {isa = PBXBuildFile; fileRef = C062231D1624B19B00101FE8 /* MainStoryboard_iPhone.storyboard */; };
		C0ABC16C16259A5F00632364 /* GoodDog.otf in Resources */ = {isa = PBXBuildFile; fileRef = C06223221624B1A900101FE8 /* GoodDog.otf */; };
		C0ABC16D16259A5F00632364 /* Default-568h@2x.png in Resources */ = {isa = PBXBuildFile; fileRef = C06223241624B1A900101FE8 /* Default-568h@2x.png */; };
		C0ABC16E16259A5F00632364 /* Default.png in Resources */ = {isa = PBXBuildFile; fileRef = C06223251624B1A900101FE8 /* Default.png */; };
		C0ABC16F16259A5F00632364 /* Default@2x.png in Resources */ = {isa = PBXBuildFile; fileRef = C06223261624B1A900101FE8 /* Default@2x.png */; };
		C0ABC17016259A5F00632364 /* gradient.png in Resources */ = {isa = PBXBuildFile; fileRef = C06223271624B1A900101FE8 /* gradient.png */; };
		C0ABC17116259A5F00632364 /* Icon.png in Resources */ = {isa = PBXBuildFile; fileRef = C06223281624B1A900101FE8 /* Icon.png */; };
		C0ABC17216259A5F00632364 /* Icon@2x.png in Resources */ = {isa = PBXBuildFile; fileRef = C06223291624B1A900101FE8 /* Icon@2x.png */; };
		C0ABC17316259A5F00632364 /* img_direct.jpg in Resources */ = {isa = PBXBuildFile; fileRef = C062232A1624B1A900101FE8 /* img_direct.jpg */; };
		C0ABC17416259A5F00632364 /* right_bg.png in Resources */ = {isa = PBXBuildFile; fileRef = C062232B1624B1A900101FE8 /* right_bg.png */; };
		C0ABC17516259A5F00632364 /* right_bg_hover.png in Resources */ = {isa = PBXBuildFile; fileRef = C062232C1624B1A900101FE8 /* right_bg_hover.png */; };
		C0ABC17616259A5F00632364 /* soomla_logo_new.png in Resources */ = {isa = PBXBuildFile; fileRef = C062232D1624B1A900101FE8 /* soomla_logo_new.png */; };
		C0ABC17716259A5F00632364 /* muffinRushTheme.json in Resources */ = {isa = PBXBuildFile; fileRef = C062232E1624B1A900101FE8 /* muffinRushTheme.json */; };
		C0ABC17816259A5F00632364 /* soomla_ui in Resources */ = {isa = PBXBuildFile; fileRef = C0ABC15916259A1F00632364 /* soomla_ui */; };
		C0F01D9916261C2A0087F99D /* MuffinRushAssets.m in Sources */ = {isa = PBXBuildFile; fileRef = C0F01D9816261C2A0087F99D /* MuffinRushAssets.m */; };
		C0F01D9A16261C2A0087F99D /* MuffinRushAssets.m in Sources */ = {isa = PBXBuildFile; fileRef = C0F01D9816261C2A0087F99D /* MuffinRushAssets.m */; };
/* End PBXBuildFile section */

/* Begin PBXFileReference section */
		C06222F11624A8B800101FE8 /* MuffinRush.app */ = {isa = PBXFileReference; explicitFileType = wrapper.application; includeInIndex = 0; path = MuffinRush.app; sourceTree = BUILT_PRODUCTS_DIR; };
		C06222F51624A8B800101FE8 /* UIKit.framework */ = {isa = PBXFileReference; lastKnownFileType = wrapper.framework; name = UIKit.framework; path = System/Library/Frameworks/UIKit.framework; sourceTree = SDKROOT; };
		C06222F71624A8B800101FE8 /* Foundation.framework */ = {isa = PBXFileReference; lastKnownFileType = wrapper.framework; name = Foundation.framework; path = System/Library/Frameworks/Foundation.framework; sourceTree = SDKROOT; };
		C06222F91624A8B800101FE8 /* CoreGraphics.framework */ = {isa = PBXFileReference; lastKnownFileType = wrapper.framework; name = CoreGraphics.framework; path = System/Library/Frameworks/CoreGraphics.framework; sourceTree = SDKROOT; };
		C06222FD1624A8B800101FE8 /* MuffinRush-Info.plist */ = {isa = PBXFileReference; lastKnownFileType = text.plist.xml; path = "MuffinRush-Info.plist"; sourceTree = "<group>"; };
		C06222FF1624A8B800101FE8 /* en */ = {isa = PBXFileReference; lastKnownFileType = text.plist.strings; name = en; path = en.lproj/InfoPlist.strings; sourceTree = "<group>"; };
		C06223011624A8B800101FE8 /* main.m */ = {isa = PBXFileReference; lastKnownFileType = sourcecode.c.objc; path = main.m; sourceTree = "<group>"; };
		C06223031624A8B800101FE8 /* MuffinRush-Prefix.pch */ = {isa = PBXFileReference; lastKnownFileType = sourcecode.c.h; path = "MuffinRush-Prefix.pch"; sourceTree = "<group>"; };
		C06223041624A8B800101FE8 /* AppDelegate.h */ = {isa = PBXFileReference; lastKnownFileType = sourcecode.c.h; path = AppDelegate.h; sourceTree = "<group>"; };
		C06223051624A8B800101FE8 /* AppDelegate.m */ = {isa = PBXFileReference; lastKnownFileType = sourcecode.c.objc; path = AppDelegate.m; sourceTree = "<group>"; };
		C062231C1624B19B00101FE8 /* en */ = {isa = PBXFileReference; lastKnownFileType = file.storyboard; name = en; path = en.lproj/MainStoryboard_iPad.storyboard; sourceTree = "<group>"; };
		C062231E1624B19B00101FE8 /* en */ = {isa = PBXFileReference; lastKnownFileType = file.storyboard; name = en; path = en.lproj/MainStoryboard_iPhone.storyboard; sourceTree = "<group>"; };
		C06223221624B1A900101FE8 /* GoodDog.otf */ = {isa = PBXFileReference; lastKnownFileType = file; path = GoodDog.otf; sourceTree = "<group>"; };
		C06223241624B1A900101FE8 /* Default-568h@2x.png */ = {isa = PBXFileReference; lastKnownFileType = image.png; path = "Default-568h@2x.png"; sourceTree = "<group>"; };
		C06223251624B1A900101FE8 /* Default.png */ = {isa = PBXFileReference; lastKnownFileType = image.png; path = Default.png; sourceTree = "<group>"; };
		C06223261624B1A900101FE8 /* Default@2x.png */ = {isa = PBXFileReference; lastKnownFileType = image.png; path = "Default@2x.png"; sourceTree = "<group>"; };
		C06223271624B1A900101FE8 /* gradient.png */ = {isa = PBXFileReference; lastKnownFileType = image.png; path = gradient.png; sourceTree = "<group>"; };
		C06223281624B1A900101FE8 /* Icon.png */ = {isa = PBXFileReference; lastKnownFileType = image.png; path = Icon.png; sourceTree = "<group>"; };
		C06223291624B1A900101FE8 /* Icon@2x.png */ = {isa = PBXFileReference; lastKnownFileType = image.png; path = "Icon@2x.png"; sourceTree = "<group>"; };
		C062232A1624B1A900101FE8 /* img_direct.jpg */ = {isa = PBXFileReference; lastKnownFileType = image.jpeg; path = img_direct.jpg; sourceTree = "<group>"; };
		C062232B1624B1A900101FE8 /* right_bg.png */ = {isa = PBXFileReference; lastKnownFileType = image.png; path = right_bg.png; sourceTree = "<group>"; };
		C062232C1624B1A900101FE8 /* right_bg_hover.png */ = {isa = PBXFileReference; lastKnownFileType = image.png; path = right_bg_hover.png; sourceTree = "<group>"; };
		C062232D1624B1A900101FE8 /* soomla_logo_new.png */ = {isa = PBXFileReference; lastKnownFileType = image.png; path = soomla_logo_new.png; sourceTree = "<group>"; };
		C062232E1624B1A900101FE8 /* muffinRushTheme.json */ = {isa = PBXFileReference; fileEncoding = 4; lastKnownFileType = text.json; path = muffinRushTheme.json; sourceTree = "<group>"; };
		C062233C1625705700101FE8 /* libSoomlaiOSStore.a */ = {isa = PBXFileReference; lastKnownFileType = archive.ar; name = libSoomlaiOSStore.a; path = "../../DerivedData/ios-store/Build/Products/Debug-iphoneos/libSoomlaiOSStore.a"; sourceTree = "<group>"; };
		C062233E1625705F00101FE8 /* libsqlite3.0.dylib */ = {isa = PBXFileReference; lastKnownFileType = "compiled.mach-o.dylib"; name = libsqlite3.0.dylib; path = usr/lib/libsqlite3.0.dylib; sourceTree = SDKROOT; };
		C06223401625706B00101FE8 /* StoreKit.framework */ = {isa = PBXFileReference; lastKnownFileType = wrapper.framework; name = StoreKit.framework; path = System/Library/Frameworks/StoreKit.framework; sourceTree = SDKROOT; };
		C06223421625711000101FE8 /* Security.framework */ = {isa = PBXFileReference; lastKnownFileType = wrapper.framework; name = Security.framework; path = System/Library/Frameworks/Security.framework; sourceTree = SDKROOT; };
		C078923216259D0600D48ECD /* StoreExampleViewController.h */ = {isa = PBXFileReference; fileEncoding = 4; lastKnownFileType = sourcecode.c.h; path = StoreExampleViewController.h; sourceTree = "<group>"; };
		C078923316259D0600D48ECD /* StoreExampleViewController.m */ = {isa = PBXFileReference; fileEncoding = 4; lastKnownFileType = sourcecode.c.objc; path = StoreExampleViewController.m; sourceTree = "<group>"; };
		C0ABC15916259A1F00632364 /* soomla_ui */ = {isa = PBXFileReference; lastKnownFileType = folder; path = soomla_ui; sourceTree = "<group>"; };
		C0ABC17C16259A5F00632364 /* MuffinRush.app */ = {isa = PBXFileReference; explicitFileType = wrapper.application; includeInIndex = 0; path = MuffinRush.app; sourceTree = BUILT_PRODUCTS_DIR; };
		C0ABC17E16259A5F00632364 /* MuffinRushDevice-Info.plist */ = {isa = PBXFileReference; lastKnownFileType = text.plist.xml; name = "MuffinRushDevice-Info.plist"; path = "/Users/refaelos/work/ios-store/SoomlaiOSStoreExamples/MuffinRush/MuffinRushDevice-Info.plist"; sourceTree = "<absolute>"; };
		C0F01D9716261C2A0087F99D /* MuffinRushAssets.h */ = {isa = PBXFileReference; fileEncoding = 4; lastKnownFileType = sourcecode.c.h; path = MuffinRushAssets.h; sourceTree = "<group>"; };
		C0F01D9816261C2A0087F99D /* MuffinRushAssets.m */ = {isa = PBXFileReference; fileEncoding = 4; lastKnownFileType = sourcecode.c.objc; path = MuffinRushAssets.m; sourceTree = "<group>"; };
/* End PBXFileReference section */

/* Begin PBXFrameworksBuildPhase section */
		C06222EE1624A8B800101FE8 /* Frameworks */ = {
			isa = PBXFrameworksBuildPhase;
			buildActionMask = 2147483647;
			files = (
				C06223431625711000101FE8 /* Security.framework in Frameworks */,
				C06223411625706B00101FE8 /* StoreKit.framework in Frameworks */,
				C062233F1625705F00101FE8 /* libsqlite3.0.dylib in Frameworks */,
				C062233D1625705700101FE8 /* libSoomlaiOSStore.a in Frameworks */,
				C06222F61624A8B800101FE8 /* UIKit.framework in Frameworks */,
				C06222F81624A8B800101FE8 /* Foundation.framework in Frameworks */,
				C06222FA1624A8B800101FE8 /* CoreGraphics.framework in Frameworks */,
			);
			runOnlyForDeploymentPostprocessing = 0;
		};
		C0ABC16016259A5F00632364 /* Frameworks */ = {
			isa = PBXFrameworksBuildPhase;
			buildActionMask = 2147483647;
			files = (
				C0ABC16116259A5F00632364 /* Security.framework in Frameworks */,
				C0ABC16216259A5F00632364 /* StoreKit.framework in Frameworks */,
				C0ABC16316259A5F00632364 /* libsqlite3.0.dylib in Frameworks */,
				C0ABC16416259A5F00632364 /* libSoomlaiOSStore.a in Frameworks */,
				C0ABC16516259A5F00632364 /* UIKit.framework in Frameworks */,
				C0ABC16616259A5F00632364 /* Foundation.framework in Frameworks */,
				C0ABC16716259A5F00632364 /* CoreGraphics.framework in Frameworks */,
			);
			runOnlyForDeploymentPostprocessing = 0;
		};
/* End PBXFrameworksBuildPhase section */

/* Begin PBXGroup section */
		C06222E61624A8B800101FE8 = {
			isa = PBXGroup;
			children = (
				C06222FB1624A8B800101FE8 /* MuffinRush */,
				C06222F41624A8B800101FE8 /* Frameworks */,
				C06222F21624A8B800101FE8 /* Products */,
			);
			sourceTree = "<group>";
		};
		C06222F21624A8B800101FE8 /* Products */ = {
			isa = PBXGroup;
			children = (
				C06222F11624A8B800101FE8 /* MuffinRush.app */,
				C0ABC17C16259A5F00632364 /* MuffinRush.app */,
			);
			name = Products;
			sourceTree = "<group>";
		};
		C06222F41624A8B800101FE8 /* Frameworks */ = {
			isa = PBXGroup;
			children = (
				C06223421625711000101FE8 /* Security.framework */,
				C06223401625706B00101FE8 /* StoreKit.framework */,
				C062233E1625705F00101FE8 /* libsqlite3.0.dylib */,
				C062233C1625705700101FE8 /* libSoomlaiOSStore.a */,
				C06222F51624A8B800101FE8 /* UIKit.framework */,
				C06222F71624A8B800101FE8 /* Foundation.framework */,
				C06222F91624A8B800101FE8 /* CoreGraphics.framework */,
			);
			name = Frameworks;
			sourceTree = "<group>";
		};
		C06222FB1624A8B800101FE8 /* MuffinRush */ = {
			isa = PBXGroup;
			children = (
				C06223211624B1A900101FE8 /* resources */,
				C06223041624A8B800101FE8 /* AppDelegate.h */,
				C06223051624A8B800101FE8 /* AppDelegate.m */,
				C0F01D9716261C2A0087F99D /* MuffinRushAssets.h */,
				C0F01D9816261C2A0087F99D /* MuffinRushAssets.m */,
				C078923216259D0600D48ECD /* StoreExampleViewController.h */,
				C078923316259D0600D48ECD /* StoreExampleViewController.m */,
				C062231B1624B19B00101FE8 /* MainStoryboard_iPad.storyboard */,
				C062231D1624B19B00101FE8 /* MainStoryboard_iPhone.storyboard */,
				C06222FC1624A8B800101FE8 /* Supporting Files */,
			);
			path = MuffinRush;
			sourceTree = "<group>";
		};
		C06222FC1624A8B800101FE8 /* Supporting Files */ = {
			isa = PBXGroup;
			children = (
				C0ABC17E16259A5F00632364 /* MuffinRushDevice-Info.plist */,
				C06222FD1624A8B800101FE8 /* MuffinRush-Info.plist */,
				C06222FE1624A8B800101FE8 /* InfoPlist.strings */,
				C06223011624A8B800101FE8 /* main.m */,
				C06223031624A8B800101FE8 /* MuffinRush-Prefix.pch */,
			);
			name = "Supporting Files";
			sourceTree = "<group>";
		};
		C06223211624B1A900101FE8 /* resources */ = {
			isa = PBXGroup;
			children = (
				C0ABC15916259A1F00632364 /* soomla_ui */,
				C06223221624B1A900101FE8 /* GoodDog.otf */,
				C06223231624B1A900101FE8 /* images */,
				C062232E1624B1A900101FE8 /* muffinRushTheme.json */,
			);
			path = resources;
			sourceTree = "<group>";
		};
		C06223231624B1A900101FE8 /* images */ = {
			isa = PBXGroup;
			children = (
				C06223241624B1A900101FE8 /* Default-568h@2x.png */,
				C06223251624B1A900101FE8 /* Default.png */,
				C06223261624B1A900101FE8 /* Default@2x.png */,
				C06223271624B1A900101FE8 /* gradient.png */,
				C06223281624B1A900101FE8 /* Icon.png */,
				C06223291624B1A900101FE8 /* Icon@2x.png */,
				C062232A1624B1A900101FE8 /* img_direct.jpg */,
				C062232B1624B1A900101FE8 /* right_bg.png */,
				C062232C1624B1A900101FE8 /* right_bg_hover.png */,
				C062232D1624B1A900101FE8 /* soomla_logo_new.png */,
			);
			path = images;
			sourceTree = "<group>";
		};
/* End PBXGroup section */

/* Begin PBXNativeTarget section */
		C06222F01624A8B800101FE8 /* MuffinRush */ = {
			isa = PBXNativeTarget;
			buildConfigurationList = C06223151624A8B800101FE8 /* Build configuration list for PBXNativeTarget "MuffinRush" */;
			buildPhases = (
				C06222ED1624A8B800101FE8 /* Sources */,
				C06222EE1624A8B800101FE8 /* Frameworks */,
				C06222EF1624A8B800101FE8 /* Resources */,
			);
			buildRules = (
			);
			dependencies = (
			);
			name = MuffinRush;
			productName = MuffinRush;
			productReference = C06222F11624A8B800101FE8 /* MuffinRush.app */;
			productType = "com.apple.product-type.application";
		};
		C0ABC15B16259A5F00632364 /* MuffinRushDevice */ = {
			isa = PBXNativeTarget;
			buildConfigurationList = C0ABC17916259A5F00632364 /* Build configuration list for PBXNativeTarget "MuffinRushDevice" */;
			buildPhases = (
				C0ABC15C16259A5F00632364 /* Sources */,
				C0ABC16016259A5F00632364 /* Frameworks */,
				C0ABC16816259A5F00632364 /* Resources */,
			);
			buildRules = (
			);
			dependencies = (
			);
			name = MuffinRushDevice;
			productName = MuffinRush;
			productReference = C0ABC17C16259A5F00632364 /* MuffinRush.app */;
			productType = "com.apple.product-type.application";
		};
/* End PBXNativeTarget section */

/* Begin PBXProject section */
		C06222E81624A8B800101FE8 /* Project object */ = {
			isa = PBXProject;
			attributes = {
				LastUpgradeCheck = 0450;
				ORGANIZATIONNAME = SOOMLA;
			};
			buildConfigurationList = C06222EB1624A8B800101FE8 /* Build configuration list for PBXProject "MuffinRush" */;
			compatibilityVersion = "Xcode 3.2";
			developmentRegion = English;
			hasScannedForEncodings = 0;
			knownRegions = (
				en,
			);
			mainGroup = C06222E61624A8B800101FE8;
			productRefGroup = C06222F21624A8B800101FE8 /* Products */;
			projectDirPath = "";
			projectRoot = "";
			targets = (
				C06222F01624A8B800101FE8 /* MuffinRush */,
				C0ABC15B16259A5F00632364 /* MuffinRushDevice */,
			);
		};
/* End PBXProject section */

/* Begin PBXResourcesBuildPhase section */
		C06222EF1624A8B800101FE8 /* Resources */ = {
			isa = PBXResourcesBuildPhase;
			buildActionMask = 2147483647;
			files = (
				C06223001624A8B800101FE8 /* InfoPlist.strings in Resources */,
				C062231F1624B19B00101FE8 /* MainStoryboard_iPad.storyboard in Resources */,
				C06223201624B19B00101FE8 /* MainStoryboard_iPhone.storyboard in Resources */,
				C06223301624B1A900101FE8 /* GoodDog.otf in Resources */,
				C06223311624B1A900101FE8 /* Default-568h@2x.png in Resources */,
				C06223321624B1A900101FE8 /* Default.png in Resources */,
				C06223331624B1A900101FE8 /* Default@2x.png in Resources */,
				C06223341624B1A900101FE8 /* gradient.png in Resources */,
				C06223351624B1A900101FE8 /* Icon.png in Resources */,
				C06223361624B1A900101FE8 /* Icon@2x.png in Resources */,
				C06223371624B1A900101FE8 /* img_direct.jpg in Resources */,
				C06223381624B1A900101FE8 /* right_bg.png in Resources */,
				C06223391624B1A900101FE8 /* right_bg_hover.png in Resources */,
				C062233A1624B1A900101FE8 /* soomla_logo_new.png in Resources */,
				C062233B1624B1A900101FE8 /* muffinRushTheme.json in Resources */,
				C0ABC15A16259A1F00632364 /* soomla_ui in Resources */,
			);
			runOnlyForDeploymentPostprocessing = 0;
		};
		C0ABC16816259A5F00632364 /* Resources */ = {
			isa = PBXResourcesBuildPhase;
			buildActionMask = 2147483647;
			files = (
				C0ABC16916259A5F00632364 /* InfoPlist.strings in Resources */,
				C0ABC16A16259A5F00632364 /* MainStoryboard_iPad.storyboard in Resources */,
				C0ABC16B16259A5F00632364 /* MainStoryboard_iPhone.storyboard in Resources */,
				C0ABC16C16259A5F00632364 /* GoodDog.otf in Resources */,
				C0ABC16D16259A5F00632364 /* Default-568h@2x.png in Resources */,
				C0ABC16E16259A5F00632364 /* Default.png in Resources */,
				C0ABC16F16259A5F00632364 /* Default@2x.png in Resources */,
				C0ABC17016259A5F00632364 /* gradient.png in Resources */,
				C0ABC17116259A5F00632364 /* Icon.png in Resources */,
				C0ABC17216259A5F00632364 /* Icon@2x.png in Resources */,
				C0ABC17316259A5F00632364 /* img_direct.jpg in Resources */,
				C0ABC17416259A5F00632364 /* right_bg.png in Resources */,
				C0ABC17516259A5F00632364 /* right_bg_hover.png in Resources */,
				C0ABC17616259A5F00632364 /* soomla_logo_new.png in Resources */,
				C0ABC17716259A5F00632364 /* muffinRushTheme.json in Resources */,
				C0ABC17816259A5F00632364 /* soomla_ui in Resources */,
			);
			runOnlyForDeploymentPostprocessing = 0;
		};
/* End PBXResourcesBuildPhase section */

/* Begin PBXSourcesBuildPhase section */
		C06222ED1624A8B800101FE8 /* Sources */ = {
			isa = PBXSourcesBuildPhase;
			buildActionMask = 2147483647;
			files = (
				C06223021624A8B800101FE8 /* main.m in Sources */,
				C06223061624A8B800101FE8 /* AppDelegate.m in Sources */,
				C078923416259D0600D48ECD /* StoreExampleViewController.m in Sources */,
				C0F01D9916261C2A0087F99D /* MuffinRushAssets.m in Sources */,
			);
			runOnlyForDeploymentPostprocessing = 0;
		};
		C0ABC15C16259A5F00632364 /* Sources */ = {
			isa = PBXSourcesBuildPhase;
			buildActionMask = 2147483647;
			files = (
				C0ABC15D16259A5F00632364 /* main.m in Sources */,
				C0ABC15E16259A5F00632364 /* AppDelegate.m in Sources */,
				C078923516259D0600D48ECD /* StoreExampleViewController.m in Sources */,
				C0F01D9A16261C2A0087F99D /* MuffinRushAssets.m in Sources */,
			);
			runOnlyForDeploymentPostprocessing = 0;
		};
/* End PBXSourcesBuildPhase section */

/* Begin PBXVariantGroup section */
		C06222FE1624A8B800101FE8 /* InfoPlist.strings */ = {
			isa = PBXVariantGroup;
			children = (
				C06222FF1624A8B800101FE8 /* en */,
			);
			name = InfoPlist.strings;
			sourceTree = "<group>";
		};
		C062231B1624B19B00101FE8 /* MainStoryboard_iPad.storyboard */ = {
			isa = PBXVariantGroup;
			children = (
				C062231C1624B19B00101FE8 /* en */,
			);
			name = MainStoryboard_iPad.storyboard;
			sourceTree = "<group>";
		};
		C062231D1624B19B00101FE8 /* MainStoryboard_iPhone.storyboard */ = {
			isa = PBXVariantGroup;
			children = (
				C062231E1624B19B00101FE8 /* en */,
			);
			name = MainStoryboard_iPhone.storyboard;
			sourceTree = "<group>";
		};
/* End PBXVariantGroup section */

/* Begin XCBuildConfiguration section */
		C06223131624A8B800101FE8 /* Debug */ = {
			isa = XCBuildConfiguration;
			buildSettings = {
				ALWAYS_SEARCH_USER_PATHS = NO;
				CLANG_CXX_LANGUAGE_STANDARD = "gnu++0x";
				CLANG_CXX_LIBRARY = "libc++";
				CLANG_ENABLE_OBJC_ARC = YES;
				CLANG_WARN_EMPTY_BODY = YES;
				CLANG_WARN__DUPLICATE_METHOD_MATCH = YES;
				"CODE_SIGN_IDENTITY[sdk=iphoneos*]" = "iPhone Developer";
				COPY_PHASE_STRIP = NO;
				GCC_C_LANGUAGE_STANDARD = gnu99;
				GCC_DYNAMIC_NO_PIC = NO;
				GCC_OPTIMIZATION_LEVEL = 0;
				GCC_PREPROCESSOR_DEFINITIONS = (
					"DEBUG=1",
					"$(inherited)",
				);
				GCC_SYMBOLS_PRIVATE_EXTERN = NO;
				GCC_WARN_ABOUT_RETURN_TYPE = YES;
				GCC_WARN_UNINITIALIZED_AUTOS = YES;
				GCC_WARN_UNUSED_VARIABLE = YES;
				IPHONEOS_DEPLOYMENT_TARGET = 6.0;
				ONLY_ACTIVE_ARCH = YES;
				SDKROOT = iphoneos;
			};
			name = Debug;
		};
		C06223141624A8B800101FE8 /* Release */ = {
			isa = XCBuildConfiguration;
			buildSettings = {
				ALWAYS_SEARCH_USER_PATHS = NO;
				CLANG_CXX_LANGUAGE_STANDARD = "gnu++0x";
				CLANG_CXX_LIBRARY = "libc++";
				CLANG_ENABLE_OBJC_ARC = YES;
				CLANG_WARN_EMPTY_BODY = YES;
				CLANG_WARN__DUPLICATE_METHOD_MATCH = YES;
				"CODE_SIGN_IDENTITY[sdk=iphoneos*]" = "iPhone Developer";
				COPY_PHASE_STRIP = YES;
				GCC_C_LANGUAGE_STANDARD = gnu99;
				GCC_WARN_ABOUT_RETURN_TYPE = YES;
				GCC_WARN_UNINITIALIZED_AUTOS = YES;
				GCC_WARN_UNUSED_VARIABLE = YES;
				IPHONEOS_DEPLOYMENT_TARGET = 6.0;
				OTHER_CFLAGS = "-DNS_BLOCK_ASSERTIONS=1";
				SDKROOT = iphoneos;
				VALIDATE_PRODUCT = YES;
			};
			name = Release;
		};
		C06223161624A8B800101FE8 /* Debug */ = {
			isa = XCBuildConfiguration;
			buildSettings = {
				GCC_PRECOMPILE_PREFIX_HEADER = YES;
				GCC_PREFIX_HEADER = "MuffinRush/MuffinRush-Prefix.pch";
				HEADER_SEARCH_PATHS = "\"$(SRCROOT)/../../DerivedData/ios-store/Build/Products/Debug-iphoneos/headers/public\"";
				INFOPLIST_FILE = "MuffinRush/MuffinRush-Info.plist";
				LIBRARY_SEARCH_PATHS = (
					"$(inherited)",
					"\"$(SRCROOT)/../../DerivedData/ios-store/Build/Products/Debug-iphoneos\"",
				);
				OTHER_LDFLAGS = "-ObjC";
				PRODUCT_NAME = "$(TARGET_NAME)";
				WRAPPER_EXTENSION = app;
			};
			name = Debug;
		};
		C06223171624A8B800101FE8 /* Release */ = {
			isa = XCBuildConfiguration;
			buildSettings = {
				GCC_PRECOMPILE_PREFIX_HEADER = YES;
				GCC_PREFIX_HEADER = "MuffinRush/MuffinRush-Prefix.pch";
				HEADER_SEARCH_PATHS = "\"$(SRCROOT)/../../DerivedData/ios-store/Build/Products/Release-iphoneos/headers/public\"";
				INFOPLIST_FILE = "MuffinRush/MuffinRush-Info.plist";
				LIBRARY_SEARCH_PATHS = (
					"$(inherited)",
					"\"$(SRCROOT)/../../DerivedData/ios-store/Build/Products/Debug-iphoneos\"",
				);
				OTHER_LDFLAGS = "-ObjC";
				PRODUCT_NAME = "$(TARGET_NAME)";
				WRAPPER_EXTENSION = app;
			};
			name = Release;
		};
		C0ABC17A16259A5F00632364 /* Debug */ = {
			isa = XCBuildConfiguration;
			buildSettings = {
				GCC_PRECOMPILE_PREFIX_HEADER = YES;
				GCC_PREFIX_HEADER = "MuffinRush/MuffinRush-Prefix.pch";
				HEADER_SEARCH_PATHS = "\"$(SRCROOT)/../../DerivedData/ios-store/Build/Products/Debug-iphoneos/headers/public\"";
				INFOPLIST_FILE = "MuffinRushDevice-Info.plist";
				LIBRARY_SEARCH_PATHS = (
					"$(inherited)",
					"\"$(SRCROOT)/../../DerivedData/ios-store/Build/Products/Debug-iphoneos\"",
				);
				OTHER_LDFLAGS = "-ObjC";
				PRODUCT_NAME = MuffinRush;
				WRAPPER_EXTENSION = app;
			};
			name = Debug;
		};
		C0ABC17B16259A5F00632364 /* Release */ = {
			isa = XCBuildConfiguration;
			buildSettings = {
				GCC_PRECOMPILE_PREFIX_HEADER = YES;
				GCC_PREFIX_HEADER = "MuffinRush/MuffinRush-Prefix.pch";
				HEADER_SEARCH_PATHS = "\"$(SRCROOT)/../../DerivedData/ios-store/Build/Products/Release-iphoneos/headers/public\"";
				INFOPLIST_FILE = "MuffinRushDevice-Info.plist";
				LIBRARY_SEARCH_PATHS = (
					"$(inherited)",
					"\"$(SRCROOT)/../../DerivedData/ios-store/Build/Products/Debug-iphoneos\"",
				);
				OTHER_LDFLAGS = "-ObjC";
				PRODUCT_NAME = MuffinRush;
				WRAPPER_EXTENSION = app;
			};
			name = Release;
		};
/* End XCBuildConfiguration section */

/* Begin XCConfigurationList section */
		C06222EB1624A8B800101FE8 /* Build configuration list for PBXProject "MuffinRush" */ = {
			isa = XCConfigurationList;
			buildConfigurations = (
				C06223131624A8B800101FE8 /* Debug */,
				C06223141624A8B800101FE8 /* Release */,
			);
			defaultConfigurationIsVisible = 0;
			defaultConfigurationName = Release;
		};
		C06223151624A8B800101FE8 /* Build configuration list for PBXNativeTarget "MuffinRush" */ = {
			isa = XCConfigurationList;
			buildConfigurations = (
				C06223161624A8B800101FE8 /* Debug */,
				C06223171624A8B800101FE8 /* Release */,
			);
			defaultConfigurationIsVisible = 0;
			defaultConfigurationName = Release;
		};
		C0ABC17916259A5F00632364 /* Build configuration list for PBXNativeTarget "MuffinRushDevice" */ = {
			isa = XCConfigurationList;
			buildConfigurations = (
				C0ABC17A16259A5F00632364 /* Debug */,
				C0ABC17B16259A5F00632364 /* Release */,
			);
			defaultConfigurationIsVisible = 0;
			defaultConfigurationName = Release;
		};
/* End XCConfigurationList section */
	};
	rootObject = C06222E81624A8B800101FE8 /* Project object */;
}
